
Microsoft Visual Studio Solution File, Format Version 12.00
# Visual Studio 14
VisualStudioVersion = 14.0.25420.1
MinimumVisualStudioVersion = 10.0.40219.1
Project("{FAE04EC0-301F-11D3-BF4B-00C04F79EFBC}") = "CustomDiag", "CustomDiag\CustomDiag\CustomDiag.csproj", "{07638C53-EF97-411B-B96A-48F128CE6F08}"
EndProject
Project("{FAE04EC0-301F-11D3-BF4B-00C04F79EFBC}") = "CustomDiag.Droid", "CustomDiag\CustomDiag.Droid\CustomDiag.Droid.csproj", "{8077F5FF-DF79-4DE8-AEF3-5122E2E26C03}"
EndProject
Project("{FAE04EC0-301F-11D3-BF4B-00C04F79EFBC}") = "CustomDiag.iOS", "CustomDiag\CustomDiag.iOS\CustomDiag.iOS.csproj", "{C443142D-2ED2-4121-9E72-FA5E8DEAE8EA}"
EndProject
Project("{FAE04EC0-301F-11D3-BF4B-00C04F79EFBC}") = "CustomDiag.UWP", "CustomDiag\CustomDiag.UWP\CustomDiag.UWP.csproj", "{9126F644-F0C2-4639-9D84-8038A93E9A59}"
EndProject
Global
	GlobalSection(SolutionConfigurationPlatforms) = preSolution
		Ad-Hoc|Any CPU = Ad-Hoc|Any CPU
		Ad-Hoc|ARM = Ad-Hoc|ARM
		Ad-Hoc|iPhone = Ad-Hoc|iPhone
		Ad-Hoc|iPhoneSimulator = Ad-Hoc|iPhoneSimulator
		Ad-Hoc|x64 = Ad-Hoc|x64
		Ad-Hoc|x86 = Ad-Hoc|x86
		AppStore|Any CPU = AppStore|Any CPU
		AppStore|ARM = AppStore|ARM
		AppStore|iPhone = AppStore|iPhone
		AppStore|iPhoneSimulator = AppStore|iPhoneSimulator
		AppStore|x64 = AppStore|x64
		AppStore|x86 = AppStore|x86
		Debug|Any CPU = Debug|Any CPU
		Debug|ARM = Debug|ARM
		Debug|iPhone = Debug|iPhone
		Debug|iPhoneSimulator = Debug|iPhoneSimulator
		Debug|x64 = Debug|x64
		Debug|x86 = Debug|x86
		Release|Any CPU = Release|Any CPU
		Release|ARM = Release|ARM
		Release|iPhone = Release|iPhone
		Release|iPhoneSimulator = Release|iPhoneSimulator
		Release|x64 = Release|x64
		Release|x86 = Release|x86
	EndGlobalSection
	GlobalSection(ProjectConfigurationPlatforms) = postSolution
		{07638C53-EF97-411B-B96A-48F128CE6F08}.Ad-Hoc|Any CPU.ActiveCfg = Release|Any CPU
		{07638C53-EF97-411B-B96A-48F128CE6F08}.Ad-Hoc|Any CPU.Build.0 = Release|Any CPU
		{07638C53-EF97-411B-B96A-48F128CE6F08}.Ad-Hoc|ARM.ActiveCfg = Release|Any CPU
		{07638C53-EF97-411B-B96A-48F128CE6F08}.Ad-Hoc|ARM.Build.0 = Release|Any CPU
		{07638C53-EF97-411B-B96A-48F128CE6F08}.Ad-Hoc|iPhone.ActiveCfg = Release|Any CPU
		{07638C53-EF97-411B-B96A-48F128CE6F08}.Ad-Hoc|iPhone.Build.0 = Release|Any CPU
		{07638C53-EF97-411B-B96A-48F128CE6F08}.Ad-Hoc|iPhoneSimulator.ActiveCfg = Release|Any CPU
		{07638C53-EF97-411B-B96A-48F128CE6F08}.Ad-Hoc|iPhoneSimulator.Build.0 = Release|Any CPU
		{07638C53-EF97-411B-B96A-48F128CE6F08}.Ad-Hoc|x64.ActiveCfg = Release|Any CPU
		{07638C53-EF97-411B-B96A-48F128CE6F08}.Ad-Hoc|x64.Build.0 = Release|Any CPU
		{07638C53-EF97-411B-B96A-48F128CE6F08}.Ad-Hoc|x86.ActiveCfg = Release|Any CPU
		{07638C53-EF97-411B-B96A-48F128CE6F08}.Ad-Hoc|x86.Build.0 = Release|Any CPU
		{07638C53-EF97-411B-B96A-48F128CE6F08}.AppStore|Any CPU.ActiveCfg = Release|Any CPU
		{07638C53-EF97-411B-B96A-48F128CE6F08}.AppStore|Any CPU.Build.0 = Release|Any CPU
		{07638C53-EF97-411B-B96A-48F128CE6F08}.AppStore|ARM.ActiveCfg = Release|Any CPU
		{07638C53-EF97-411B-B96A-48F128CE6F08}.AppStore|ARM.Build.0 = Release|Any CPU
		{07638C53-EF97-411B-B96A-48F128CE6F08}.AppStore|iPhone.ActiveCfg = Release|Any CPU
		{07638C53-EF97-411B-B96A-48F128CE6F08}.AppStore|iPhone.Build.0 = Release|Any CPU
		{07638C53-EF97-411B-B96A-48F128CE6F08}.AppStore|iPhoneSimulator.ActiveCfg = Release|Any CPU
		{07638C53-EF97-411B-B96A-48F128CE6F08}.AppStore|iPhoneSimulator.Build.0 = Release|Any CPU
		{07638C53-EF97-411B-B96A-48F128CE6F08}.AppStore|x64.ActiveCfg = Release|Any CPU
		{07638C53-EF97-411B-B96A-48F128CE6F08}.AppStore|x64.Build.0 = Release|Any CPU
		{07638C53-EF97-411B-B96A-48F128CE6F08}.AppStore|x86.ActiveCfg = Release|Any CPU
		{07638C53-EF97-411B-B96A-48F128CE6F08}.AppStore|x86.Build.0 = Release|Any CPU
		{07638C53-EF97-411B-B96A-48F128CE6F08}.Debug|Any CPU.ActiveCfg = Debug|Any CPU
		{07638C53-EF97-411B-B96A-48F128CE6F08}.Debug|Any CPU.Build.0 = Debug|Any CPU
		{07638C53-EF97-411B-B96A-48F128CE6F08}.Debug|ARM.ActiveCfg = Debug|Any CPU
		{07638C53-EF97-411B-B96A-48F128CE6F08}.Debug|ARM.Build.0 = Debug|Any CPU
		{07638C53-EF97-411B-B96A-48F128CE6F08}.Debug|iPhone.ActiveCfg = Debug|Any CPU
		{07638C53-EF97-411B-B96A-48F128CE6F08}.Debug|iPhone.Build.0 = Debug|Any CPU
		{07638C53-EF97-411B-B96A-48F128CE6F08}.Debug|iPhoneSimulator.ActiveCfg = Debug|Any CPU
		{07638C53-EF97-411B-B96A-48F128CE6F08}.Debug|iPhoneSimulator.Build.0 = Debug|Any CPU
		{07638C53-EF97-411B-B96A-48F128CE6F08}.Debug|x64.ActiveCfg = Debug|Any CPU
		{07638C53-EF97-411B-B96A-48F128CE6F08}.Debug|x64.Build.0 = Debug|Any CPU
		{07638C53-EF97-411B-B96A-48F128CE6F08}.Debug|x86.ActiveCfg = Debug|Any CPU
		{07638C53-EF97-411B-B96A-48F128CE6F08}.Debug|x86.Build.0 = Debug|Any CPU
		{07638C53-EF97-411B-B96A-48F128CE6F08}.Release|Any CPU.ActiveCfg = Release|Any CPU
		{07638C53-EF97-411B-B96A-48F128CE6F08}.Release|Any CPU.Build.0 = Release|Any CPU
		{07638C53-EF97-411B-B96A-48F128CE6F08}.Release|ARM.ActiveCfg = Release|Any CPU
		{07638C53-EF97-411B-B96A-48F128CE6F08}.Release|ARM.Build.0 = Release|Any CPU
		{07638C53-EF97-411B-B96A-48F128CE6F08}.Release|iPhone.ActiveCfg = Release|Any CPU
		{07638C53-EF97-411B-B96A-48F128CE6F08}.Release|iPhone.Build.0 = Release|Any CPU
		{07638C53-EF97-411B-B96A-48F128CE6F08}.Release|iPhoneSimulator.ActiveCfg = Release|Any CPU
		{07638C53-EF97-411B-B96A-48F128CE6F08}.Release|iPhoneSimulator.Build.0 = Release|Any CPU
		{07638C53-EF97-411B-B96A-48F128CE6F08}.Release|x64.ActiveCfg = Release|Any CPU
		{07638C53-EF97-411B-B96A-48F128CE6F08}.Release|x64.Build.0 = Release|Any CPU
		{07638C53-EF97-411B-B96A-48F128CE6F08}.Release|x86.ActiveCfg = Release|Any CPU
		{07638C53-EF97-411B-B96A-48F128CE6F08}.Release|x86.Build.0 = Release|Any CPU
		{8077F5FF-DF79-4DE8-AEF3-5122E2E26C03}.Ad-Hoc|Any CPU.ActiveCfg = Release|Any CPU
		{8077F5FF-DF79-4DE8-AEF3-5122E2E26C03}.Ad-Hoc|Any CPU.Build.0 = Release|Any CPU
		{8077F5FF-DF79-4DE8-AEF3-5122E2E26C03}.Ad-Hoc|Any CPU.Deploy.0 = Release|Any CPU
		{8077F5FF-DF79-4DE8-AEF3-5122E2E26C03}.Ad-Hoc|ARM.ActiveCfg = Release|Any CPU
		{8077F5FF-DF79-4DE8-AEF3-5122E2E26C03}.Ad-Hoc|ARM.Build.0 = Release|Any CPU
		{8077F5FF-DF79-4DE8-AEF3-5122E2E26C03}.Ad-Hoc|ARM.Deploy.0 = Release|Any CPU
		{8077F5FF-DF79-4DE8-AEF3-5122E2E26C03}.Ad-Hoc|iPhone.ActiveCfg = Release|Any CPU
		{8077F5FF-DF79-4DE8-AEF3-5122E2E26C03}.Ad-Hoc|iPhone.Build.0 = Release|Any CPU
		{8077F5FF-DF79-4DE8-AEF3-5122E2E26C03}.Ad-Hoc|iPhone.Deploy.0 = Release|Any CPU
		{8077F5FF-DF79-4DE8-AEF3-5122E2E26C03}.Ad-Hoc|iPhoneSimulator.ActiveCfg = Release|Any CPU
		{8077F5FF-DF79-4DE8-AEF3-5122E2E26C03}.Ad-Hoc|iPhoneSimulator.Build.0 = Release|Any CPU
		{8077F5FF-DF79-4DE8-AEF3-5122E2E26C03}.Ad-Hoc|iPhoneSimulator.Deploy.0 = Release|Any CPU
		{8077F5FF-DF79-4DE8-AEF3-5122E2E26C03}.Ad-Hoc|x64.ActiveCfg = Release|Any CPU
		{8077F5FF-DF79-4DE8-AEF3-5122E2E26C03}.Ad-Hoc|x64.Build.0 = Release|Any CPU
		{8077F5FF-DF79-4DE8-AEF3-5122E2E26C03}.Ad-Hoc|x64.Deploy.0 = Release|Any CPU
		{8077F5FF-DF79-4DE8-AEF3-5122E2E26C03}.Ad-Hoc|x86.ActiveCfg = Release|Any CPU
		{8077F5FF-DF79-4DE8-AEF3-5122E2E26C03}.Ad-Hoc|x86.Build.0 = Release|Any CPU
		{8077F5FF-DF79-4DE8-AEF3-5122E2E26C03}.Ad-Hoc|x86.Deploy.0 = Release|Any CPU
		{8077F5FF-DF79-4DE8-AEF3-5122E2E26C03}.AppStore|Any CPU.ActiveCfg = Release|Any CPU
		{8077F5FF-DF79-4DE8-AEF3-5122E2E26C03}.AppStore|Any CPU.Build.0 = Release|Any CPU
		{8077F5FF-DF79-4DE8-AEF3-5122E2E26C03}.AppStore|Any CPU.Deploy.0 = Release|Any CPU
		{8077F5FF-DF79-4DE8-AEF3-5122E2E26C03}.AppStore|ARM.ActiveCfg = Release|Any CPU
		{8077F5FF-DF79-4DE8-AEF3-5122E2E26C03}.AppStore|ARM.Build.0 = Release|Any CPU
		{8077F5FF-DF79-4DE8-AEF3-5122E2E26C03}.AppStore|ARM.Deploy.0 = Release|Any CPU
		{8077F5FF-DF79-4DE8-AEF3-5122E2E26C03}.AppStore|iPhone.ActiveCfg = Release|Any CPU
		{8077F5FF-DF79-4DE8-AEF3-5122E2E26C03}.AppStore|iPhone.Build.0 = Release|Any CPU
		{8077F5FF-DF79-4DE8-AEF3-5122E2E26C03}.AppStore|iPhone.Deploy.0 = Release|Any CPU
		{8077F5FF-DF79-4DE8-AEF3-5122E2E26C03}.AppStore|iPhoneSimulator.ActiveCfg = Release|Any CPU
		{8077F5FF-DF79-4DE8-AEF3-5122E2E26C03}.AppStore|iPhoneSimulator.Build.0 = Release|Any CPU
		{8077F5FF-DF79-4DE8-AEF3-5122E2E26C03}.AppStore|iPhoneSimulator.Deploy.0 = Release|Any CPU
		{8077F5FF-DF79-4DE8-AEF3-5122E2E26C03}.AppStore|x64.ActiveCfg = Release|Any CPU
		{8077F5FF-DF79-4DE8-AEF3-5122E2E26C03}.AppStore|x64.Build.0 = Release|Any CPU
		{8077F5FF-DF79-4DE8-AEF3-5122E2E26C03}.AppStore|x64.Deploy.0 = Release|Any CPU
		{8077F5FF-DF79-4DE8-AEF3-5122E2E26C03}.AppStore|x86.ActiveCfg = Release|Any CPU
		{8077F5FF-DF79-4DE8-AEF3-5122E2E26C03}.AppStore|x86.Build.0 = Release|Any CPU
		{8077F5FF-DF79-4DE8-AEF3-5122E2E26C03}.AppStore|x86.Deploy.0 = Release|Any CPU
		{8077F5FF-DF79-4DE8-AEF3-5122E2E26C03}.Debug|Any CPU.ActiveCfg = Debug|Any CPU
		{8077F5FF-DF79-4DE8-AEF3-5122E2E26C03}.Debug|Any CPU.Build.0 = Debug|Any CPU
		{8077F5FF-DF79-4DE8-AEF3-5122E2E26C03}.Debug|Any CPU.Deploy.0 = Debug|Any CPU
		{8077F5FF-DF79-4DE8-AEF3-5122E2E26C03}.Debug|ARM.ActiveCfg = Debug|Any CPU
		{8077F5FF-DF79-4DE8-AEF3-5122E2E26C03}.Debug|ARM.Build.0 = Debug|Any CPU
		{8077F5FF-DF79-4DE8-AEF3-5122E2E26C03}.Debug|ARM.Deploy.0 = Debug|Any CPU
		{8077F5FF-DF79-4DE8-AEF3-5122E2E26C03}.Debug|iPhone.ActiveCfg = Debug|Any CPU
		{8077F5FF-DF79-4DE8-AEF3-5122E2E26C03}.Debug|iPhone.Build.0 = Debug|Any CPU
		{8077F5FF-DF79-4DE8-AEF3-5122E2E26C03}.Debug|iPhone.Deploy.0 = Debug|Any CPU
		{8077F5FF-DF79-4DE8-AEF3-5122E2E26C03}.Debug|iPhoneSimulator.ActiveCfg = Debug|Any CPU
		{8077F5FF-DF79-4DE8-AEF3-5122E2E26C03}.Debug|iPhoneSimulator.Build.0 = Debug|Any CPU
		{8077F5FF-DF79-4DE8-AEF3-5122E2E26C03}.Debug|iPhoneSimulator.Deploy.0 = Debug|Any CPU
		{8077F5FF-DF79-4DE8-AEF3-5122E2E26C03}.Debug|x64.ActiveCfg = Debug|Any CPU
		{8077F5FF-DF79-4DE8-AEF3-5122E2E26C03}.Debug|x64.Build.0 = Debug|Any CPU
		{8077F5FF-DF79-4DE8-AEF3-5122E2E26C03}.Debug|x64.Deploy.0 = Debug|Any CPU
		{8077F5FF-DF79-4DE8-AEF3-5122E2E26C03}.Debug|x86.ActiveCfg = Debug|Any CPU
		{8077F5FF-DF79-4DE8-AEF3-5122E2E26C03}.Debug|x86.Build.0 = Debug|Any CPU
		{8077F5FF-DF79-4DE8-AEF3-5122E2E26C03}.Debug|x86.Deploy.0 = Debug|Any CPU
		{8077F5FF-DF79-4DE8-AEF3-5122E2E26C03}.Release|Any CPU.ActiveCfg = Release|Any CPU
		{8077F5FF-DF79-4DE8-AEF3-5122E2E26C03}.Release|Any CPU.Build.0 = Release|Any CPU
		{8077F5FF-DF79-4DE8-AEF3-5122E2E26C03}.Release|Any CPU.Deploy.0 = Release|Any CPU
		{8077F5FF-DF79-4DE8-AEF3-5122E2E26C03}.Release|ARM.ActiveCfg = Release|Any CPU
		{8077F5FF-DF79-4DE8-AEF3-5122E2E26C03}.Release|ARM.Build.0 = Release|Any CPU
		{8077F5FF-DF79-4DE8-AEF3-5122E2E26C03}.Release|ARM.Deploy.0 = Release|Any CPU
		{8077F5FF-DF79-4DE8-AEF3-5122E2E26C03}.Release|iPhone.ActiveCfg = Release|Any CPU
		{8077F5FF-DF79-4DE8-AEF3-5122E2E26C03}.Release|iPhone.Build.0 = Release|Any CPU
		{8077F5FF-DF79-4DE8-AEF3-5122E2E26C03}.Release|iPhone.Deploy.0 = Release|Any CPU
		{8077F5FF-DF79-4DE8-AEF3-5122E2E26C03}.Release|iPhoneSimulator.ActiveCfg = Release|Any CPU
		{8077F5FF-DF79-4DE8-AEF3-5122E2E26C03}.Release|iPhoneSimulator.Build.0 = Release|Any CPU
		{8077F5FF-DF79-4DE8-AEF3-5122E2E26C03}.Release|iPhoneSimulator.Deploy.0 = Release|Any CPU
		{8077F5FF-DF79-4DE8-AEF3-5122E2E26C03}.Release|x64.ActiveCfg = Release|Any CPU
		{8077F5FF-DF79-4DE8-AEF3-5122E2E26C03}.Release|x64.Build.0 = Release|Any CPU
		{8077F5FF-DF79-4DE8-AEF3-5122E2E26C03}.Release|x64.Deploy.0 = Release|Any CPU
		{8077F5FF-DF79-4DE8-AEF3-5122E2E26C03}.Release|x86.ActiveCfg = Release|Any CPU
		{8077F5FF-DF79-4DE8-AEF3-5122E2E26C03}.Release|x86.Build.0 = Release|Any CPU
		{8077F5FF-DF79-4DE8-AEF3-5122E2E26C03}.Release|x86.Deploy.0 = Release|Any CPU
		{C443142D-2ED2-4121-9E72-FA5E8DEAE8EA}.Ad-Hoc|Any CPU.ActiveCfg = Ad-Hoc|iPhone
		{C443142D-2ED2-4121-9E72-FA5E8DEAE8EA}.Ad-Hoc|ARM.ActiveCfg = Ad-Hoc|iPhone
		{C443142D-2ED2-4121-9E72-FA5E8DEAE8EA}.Ad-Hoc|iPhone.ActiveCfg = Ad-Hoc|iPhone
		{C443142D-2ED2-4121-9E72-FA5E8DEAE8EA}.Ad-Hoc|iPhone.Build.0 = Ad-Hoc|iPhone
		{C443142D-2ED2-4121-9E72-FA5E8DEAE8EA}.Ad-Hoc|iPhoneSimulator.ActiveCfg = Ad-Hoc|iPhoneSimulator
		{C443142D-2ED2-4121-9E72-FA5E8DEAE8EA}.Ad-Hoc|iPhoneSimulator.Build.0 = Ad-Hoc|iPhoneSimulator
		{C443142D-2ED2-4121-9E72-FA5E8DEAE8EA}.Ad-Hoc|x64.ActiveCfg = Ad-Hoc|iPhone
		{C443142D-2ED2-4121-9E72-FA5E8DEAE8EA}.Ad-Hoc|x86.ActiveCfg = Ad-Hoc|iPhone
		{C443142D-2ED2-4121-9E72-FA5E8DEAE8EA}.AppStore|Any CPU.ActiveCfg = AppStore|iPhone
		{C443142D-2ED2-4121-9E72-FA5E8DEAE8EA}.AppStore|ARM.ActiveCfg = AppStore|iPhone
		{C443142D-2ED2-4121-9E72-FA5E8DEAE8EA}.AppStore|iPhone.ActiveCfg = AppStore|iPhone
		{C443142D-2ED2-4121-9E72-FA5E8DEAE8EA}.AppStore|iPhone.Build.0 = AppStore|iPhone
		{C443142D-2ED2-4121-9E72-FA5E8DEAE8EA}.AppStore|iPhoneSimulator.ActiveCfg = AppStore|iPhoneSimulator
		{C443142D-2ED2-4121-9E72-FA5E8DEAE8EA}.AppStore|iPhoneSimulator.Build.0 = AppStore|iPhoneSimulator
		{C443142D-2ED2-4121-9E72-FA5E8DEAE8EA}.AppStore|x64.ActiveCfg = AppStore|iPhone
		{C443142D-2ED2-4121-9E72-FA5E8DEAE8EA}.AppStore|x86.ActiveCfg = AppStore|iPhone
		{C443142D-2ED2-4121-9E72-FA5E8DEAE8EA}.Debug|Any CPU.ActiveCfg = Debug|iPhone
		{C443142D-2ED2-4121-9E72-FA5E8DEAE8EA}.Debug|ARM.ActiveCfg = Debug|iPhone
		{C443142D-2ED2-4121-9E72-FA5E8DEAE8EA}.Debug|iPhone.ActiveCfg = Debug|iPhone
		{C443142D-2ED2-4121-9E72-FA5E8DEAE8EA}.Debug|iPhone.Build.0 = Debug|iPhone
		{C443142D-2ED2-4121-9E72-FA5E8DEAE8EA}.Debug|iPhoneSimulator.ActiveCfg = Debug|iPhoneSimulator
		{C443142D-2ED2-4121-9E72-FA5E8DEAE8EA}.Debug|iPhoneSimulator.Build.0 = Debug|iPhoneSimulator
		{C443142D-2ED2-4121-9E72-FA5E8DEAE8EA}.Debug|x64.ActiveCfg = Debug|iPhone
		{C443142D-2ED2-4121-9E72-FA5E8DEAE8EA}.Debug|x86.ActiveCfg = Debug|iPhone
		{C443142D-2ED2-4121-9E72-FA5E8DEAE8EA}.Release|Any CPU.ActiveCfg = Release|iPhone
		{C443142D-2ED2-4121-9E72-FA5E8DEAE8EA}.Release|ARM.ActiveCfg = Release|iPhone
		{C443142D-2ED2-4121-9E72-FA5E8DEAE8EA}.Release|iPhone.ActiveCfg = Release|iPhone
		{C443142D-2ED2-4121-9E72-FA5E8DEAE8EA}.Release|iPhone.Build.0 = Release|iPhone
		{C443142D-2ED2-4121-9E72-FA5E8DEAE8EA}.Release|iPhoneSimulator.ActiveCfg = Release|iPhoneSimulator
		{C443142D-2ED2-4121-9E72-FA5E8DEAE8EA}.Release|iPhoneSimulator.Build.0 = Release|iPhoneSimulator
		{C443142D-2ED2-4121-9E72-FA5E8DEAE8EA}.Release|x64.ActiveCfg = Release|iPhone
		{C443142D-2ED2-4121-9E72-FA5E8DEAE8EA}.Release|x86.ActiveCfg = Release|iPhone
		{9126F644-F0C2-4639-9D84-8038A93E9A59}.Ad-Hoc|Any CPU.ActiveCfg = Release|x86
		{9126F644-F0C2-4639-9D84-8038A93E9A59}.Ad-Hoc|Any CPU.Build.0 = Release|x86
		{9126F644-F0C2-4639-9D84-8038A93E9A59}.Ad-Hoc|Any CPU.Deploy.0 = Release|x86
		{9126F644-F0C2-4639-9D84-8038A93E9A59}.Ad-Hoc|ARM.ActiveCfg = Release|ARM
		{9126F644-F0C2-4639-9D84-8038A93E9A59}.Ad-Hoc|ARM.Build.0 = Release|ARM
		{9126F644-F0C2-4639-9D84-8038A93E9A59}.Ad-Hoc|ARM.Deploy.0 = Release|ARM
		{9126F644-F0C2-4639-9D84-8038A93E9A59}.Ad-Hoc|iPhone.ActiveCfg = Release|x86
		{9126F644-F0C2-4639-9D84-8038A93E9A59}.Ad-Hoc|iPhone.Build.0 = Release|x86
		{9126F644-F0C2-4639-9D84-8038A93E9A59}.Ad-Hoc|iPhone.Deploy.0 = Release|x86
		{9126F644-F0C2-4639-9D84-8038A93E9A59}.Ad-Hoc|iPhoneSimulator.ActiveCfg = Release|x86
		{9126F644-F0C2-4639-9D84-8038A93E9A59}.Ad-Hoc|iPhoneSimulator.Build.0 = Release|x86
		{9126F644-F0C2-4639-9D84-8038A93E9A59}.Ad-Hoc|iPhoneSimulator.Deploy.0 = Release|x86
		{9126F644-F0C2-4639-9D84-8038A93E9A59}.Ad-Hoc|x64.ActiveCfg = Release|x64
		{9126F644-F0C2-4639-9D84-8038A93E9A59}.Ad-Hoc|x64.Build.0 = Release|x64
		{9126F644-F0C2-4639-9D84-8038A93E9A59}.Ad-Hoc|x64.Deploy.0 = Release|x64
		{9126F644-F0C2-4639-9D84-8038A93E9A59}.Ad-Hoc|x86.ActiveCfg = Release|x86
		{9126F644-F0C2-4639-9D84-8038A93E9A59}.Ad-Hoc|x86.Build.0 = Release|x86
		{9126F644-F0C2-4639-9D84-8038A93E9A59}.Ad-Hoc|x86.Deploy.0 = Release|x86
		{9126F644-F0C2-4639-9D84-8038A93E9A59}.AppStore|Any CPU.ActiveCfg = Release|x86
		{9126F644-F0C2-4639-9D84-8038A93E9A59}.AppStore|Any CPU.Build.0 = Release|x86
		{9126F644-F0C2-4639-9D84-8038A93E9A59}.AppStore|Any CPU.Deploy.0 = Release|x86
		{9126F644-F0C2-4639-9D84-8038A93E9A59}.AppStore|ARM.ActiveCfg = Release|ARM
		{9126F644-F0C2-4639-9D84-8038A93E9A59}.AppStore|ARM.Build.0 = Release|ARM
		{9126F644-F0C2-4639-9D84-8038A93E9A59}.AppStore|ARM.Deploy.0 = Release|ARM
		{9126F644-F0C2-4639-9D84-8038A93E9A59}.AppStore|iPhone.ActiveCfg = Release|x86
		{9126F644-F0C2-4639-9D84-8038A93E9A59}.AppStore|iPhone.Build.0 = Release|x86
		{9126F644-F0C2-4639-9D84-8038A93E9A59}.AppStore|iPhone.Deploy.0 = Release|x86
		{9126F644-F0C2-4639-9D84-8038A93E9A59}.AppStore|iPhoneSimulator.ActiveCfg = Release|x86
		{9126F644-F0C2-4639-9D84-8038A93E9A59}.AppStore|iPhoneSimulator.Build.0 = Release|x86
		{9126F644-F0C2-4639-9D84-8038A93E9A59}.AppStore|iPhoneSimulator.Deploy.0 = Release|x86
		{9126F644-F0C2-4639-9D84-8038A93E9A59}.AppStore|x64.ActiveCfg = Release|x64
		{9126F644-F0C2-4639-9D84-8038A93E9A59}.AppStore|x64.Build.0 = Release|x64
		{9126F644-F0C2-4639-9D84-8038A93E9A59}.AppStore|x64.Deploy.0 = Release|x64
		{9126F644-F0C2-4639-9D84-8038A93E9A59}.AppStore|x86.ActiveCfg = Release|x86
		{9126F644-F0C2-4639-9D84-8038A93E9A59}.AppStore|x86.Build.0 = Release|x86
		{9126F644-F0C2-4639-9D84-8038A93E9A59}.AppStore|x86.Deploy.0 = Release|x86
		{9126F644-F0C2-4639-9D84-8038A93E9A59}.Debug|Any CPU.ActiveCfg = Debug|x86
		{9126F644-F0C2-4639-9D84-8038A93E9A59}.Debug|Any CPU.Build.0 = Debug|x86
		{9126F644-F0C2-4639-9D84-8038A93E9A59}.Debug|Any CPU.Deploy.0 = Debug|x86
		{9126F644-F0C2-4639-9D84-8038A93E9A59}.Debug|ARM.ActiveCfg = Debug|ARM
		{9126F644-F0C2-4639-9D84-8038A93E9A59}.Debug|ARM.Build.0 = Debug|ARM
		{9126F644-F0C2-4639-9D84-8038A93E9A59}.Debug|ARM.Deploy.0 = Debug|ARM
		{9126F644-F0C2-4639-9D84-8038A93E9A59}.Debug|iPhone.ActiveCfg = Debug|x86
		{9126F644-F0C2-4639-9D84-8038A93E9A59}.Debug|iPhoneSimulator.ActiveCfg = Debug|x86
		{9126F644-F0C2-4639-9D84-8038A93E9A59}.Debug|x64.ActiveCfg = Debug|x64
		{9126F644-F0C2-4639-9D84-8038A93E9A59}.Debug|x64.Build.0 = Debug|x64
		{9126F644-F0C2-4639-9D84-8038A93E9A59}.Debug|x64.Deploy.0 = Debug|x64
		{9126F644-F0C2-4639-9D84-8038A93E9A59}.Debug|x86.ActiveCfg = Debug|x86
		{9126F644-F0C2-4639-9D84-8038A93E9A59}.Debug|x86.Build.0 = Debug|x86
		{9126F644-F0C2-4639-9D84-8038A93E9A59}.Debug|x86.Deploy.0 = Debug|x86
		{9126F644-F0C2-4639-9D84-8038A93E9A59}.Release|Any CPU.ActiveCfg = Release|x86
		{9126F644-F0C2-4639-9D84-8038A93E9A59}.Release|ARM.ActiveCfg = Release|ARM
		{9126F644-F0C2-4639-9D84-8038A93E9A59}.Release|ARM.Build.0 = Release|ARM
		{9126F644-F0C2-4639-9D84-8038A93E9A59}.Release|ARM.Deploy.0 = Release|ARM
		{9126F644-F0C2-4639-9D84-8038A93E9A59}.Release|iPhone.ActiveCfg = Release|x86
		{9126F644-F0C2-4639-9D84-8038A93E9A59}.Release|iPhoneSimulator.ActiveCfg = Release|x86
		{9126F644-F0C2-4639-9D84-8038A93E9A59}.Release|x64.ActiveCfg = Release|x64
		{9126F644-F0C2-4639-9D84-8038A93E9A59}.Release|x64.Build.0 = Release|x64
		{9126F644-F0C2-4639-9D84-8038A93E9A59}.Release|x64.Deploy.0 = Release|x64
		{9126F644-F0C2-4639-9D84-8038A93E9A59}.Release|x86.ActiveCfg = Release|x86
		{9126F644-F0C2-4639-9D84-8038A93E9A59}.Release|x86.Build.0 = Release|x86
		{9126F644-F0C2-4639-9D84-8038A93E9A59}.Release|x86.Deploy.0 = Release|x86
	EndGlobalSection
	GlobalSection(SolutionProperties) = preSolution
		HideSolutionNode = FALSE
	EndGlobalSection
EndGlobal
