
Microsoft Visual Studio Solution File, Format Version 12.00
# Visual Studio 14
VisualStudioVersion = 14.0.25420.1
MinimumVisualStudioVersion = 10.0.40219.1
Project("{FAE04EC0-301F-11D3-BF4B-00C04F79EFBC}") = "HomeTabbed", "HomeTabbed\HomeTabbed\HomeTabbed.csproj", "{6F11141A-D5E6-44DE-A0D2-F9271E0A2C8E}"
EndProject
Project("{FAE04EC0-301F-11D3-BF4B-00C04F79EFBC}") = "HomeTabbed.Droid", "HomeTabbed\HomeTabbed.Droid\HomeTabbed.Droid.csproj", "{F59DEE0C-B2E3-4915-BD13-DD0B997DB6EA}"
EndProject
Project("{FAE04EC0-301F-11D3-BF4B-00C04F79EFBC}") = "HomeTabbed.iOS", "HomeTabbed\HomeTabbed.iOS\HomeTabbed.iOS.csproj", "{5EE400BF-DF45-4503-8D3B-D991FEC185A2}"
EndProject
Project("{FAE04EC0-301F-11D3-BF4B-00C04F79EFBC}") = "HomeTabbed.UWP", "HomeTabbed\HomeTabbed.UWP\HomeTabbed.UWP.csproj", "{C1CFE039-1E29-4EF5-8EC4-C919341D78F3}"
EndProject
Global
	GlobalSection(SolutionConfigurationPlatforms) = preSolution
		Ad-Hoc|Any CPU = Ad-Hoc|Any CPU
		Ad-Hoc|ARM = Ad-Hoc|ARM
		Ad-Hoc|iPhone = Ad-Hoc|iPhone
		Ad-Hoc|iPhoneSimulator = Ad-Hoc|iPhoneSimulator
		Ad-Hoc|x64 = Ad-Hoc|x64
		Ad-Hoc|x86 = Ad-Hoc|x86
		AppStore|Any CPU = AppStore|Any CPU
		AppStore|ARM = AppStore|ARM
		AppStore|iPhone = AppStore|iPhone
		AppStore|iPhoneSimulator = AppStore|iPhoneSimulator
		AppStore|x64 = AppStore|x64
		AppStore|x86 = AppStore|x86
		Debug|Any CPU = Debug|Any CPU
		Debug|ARM = Debug|ARM
		Debug|iPhone = Debug|iPhone
		Debug|iPhoneSimulator = Debug|iPhoneSimulator
		Debug|x64 = Debug|x64
		Debug|x86 = Debug|x86
		Release|Any CPU = Release|Any CPU
		Release|ARM = Release|ARM
		Release|iPhone = Release|iPhone
		Release|iPhoneSimulator = Release|iPhoneSimulator
		Release|x64 = Release|x64
		Release|x86 = Release|x86
	EndGlobalSection
	GlobalSection(ProjectConfigurationPlatforms) = postSolution
		{6F11141A-D5E6-44DE-A0D2-F9271E0A2C8E}.Ad-Hoc|Any CPU.ActiveCfg = Release|Any CPU
		{6F11141A-D5E6-44DE-A0D2-F9271E0A2C8E}.Ad-Hoc|Any CPU.Build.0 = Release|Any CPU
		{6F11141A-D5E6-44DE-A0D2-F9271E0A2C8E}.Ad-Hoc|ARM.ActiveCfg = Release|Any CPU
		{6F11141A-D5E6-44DE-A0D2-F9271E0A2C8E}.Ad-Hoc|ARM.Build.0 = Release|Any CPU
		{6F11141A-D5E6-44DE-A0D2-F9271E0A2C8E}.Ad-Hoc|iPhone.ActiveCfg = Release|Any CPU
		{6F11141A-D5E6-44DE-A0D2-F9271E0A2C8E}.Ad-Hoc|iPhone.Build.0 = Release|Any CPU
		{6F11141A-D5E6-44DE-A0D2-F9271E0A2C8E}.Ad-Hoc|iPhoneSimulator.ActiveCfg = Release|Any CPU
		{6F11141A-D5E6-44DE-A0D2-F9271E0A2C8E}.Ad-Hoc|iPhoneSimulator.Build.0 = Release|Any CPU
		{6F11141A-D5E6-44DE-A0D2-F9271E0A2C8E}.Ad-Hoc|x64.ActiveCfg = Release|Any CPU
		{6F11141A-D5E6-44DE-A0D2-F9271E0A2C8E}.Ad-Hoc|x64.Build.0 = Release|Any CPU
		{6F11141A-D5E6-44DE-A0D2-F9271E0A2C8E}.Ad-Hoc|x86.ActiveCfg = Release|Any CPU
		{6F11141A-D5E6-44DE-A0D2-F9271E0A2C8E}.Ad-Hoc|x86.Build.0 = Release|Any CPU
		{6F11141A-D5E6-44DE-A0D2-F9271E0A2C8E}.AppStore|Any CPU.ActiveCfg = Release|Any CPU
		{6F11141A-D5E6-44DE-A0D2-F9271E0A2C8E}.AppStore|Any CPU.Build.0 = Release|Any CPU
		{6F11141A-D5E6-44DE-A0D2-F9271E0A2C8E}.AppStore|ARM.ActiveCfg = Release|Any CPU
		{6F11141A-D5E6-44DE-A0D2-F9271E0A2C8E}.AppStore|ARM.Build.0 = Release|Any CPU
		{6F11141A-D5E6-44DE-A0D2-F9271E0A2C8E}.AppStore|iPhone.ActiveCfg = Release|Any CPU
		{6F11141A-D5E6-44DE-A0D2-F9271E0A2C8E}.AppStore|iPhone.Build.0 = Release|Any CPU
		{6F11141A-D5E6-44DE-A0D2-F9271E0A2C8E}.AppStore|iPhoneSimulator.ActiveCfg = Release|Any CPU
		{6F11141A-D5E6-44DE-A0D2-F9271E0A2C8E}.AppStore|iPhoneSimulator.Build.0 = Release|Any CPU
		{6F11141A-D5E6-44DE-A0D2-F9271E0A2C8E}.AppStore|x64.ActiveCfg = Release|Any CPU
		{6F11141A-D5E6-44DE-A0D2-F9271E0A2C8E}.AppStore|x64.Build.0 = Release|Any CPU
		{6F11141A-D5E6-44DE-A0D2-F9271E0A2C8E}.AppStore|x86.ActiveCfg = Release|Any CPU
		{6F11141A-D5E6-44DE-A0D2-F9271E0A2C8E}.AppStore|x86.Build.0 = Release|Any CPU
		{6F11141A-D5E6-44DE-A0D2-F9271E0A2C8E}.Debug|Any CPU.ActiveCfg = Debug|Any CPU
		{6F11141A-D5E6-44DE-A0D2-F9271E0A2C8E}.Debug|Any CPU.Build.0 = Debug|Any CPU
		{6F11141A-D5E6-44DE-A0D2-F9271E0A2C8E}.Debug|ARM.ActiveCfg = Debug|Any CPU
		{6F11141A-D5E6-44DE-A0D2-F9271E0A2C8E}.Debug|ARM.Build.0 = Debug|Any CPU
		{6F11141A-D5E6-44DE-A0D2-F9271E0A2C8E}.Debug|iPhone.ActiveCfg = Debug|Any CPU
		{6F11141A-D5E6-44DE-A0D2-F9271E0A2C8E}.Debug|iPhone.Build.0 = Debug|Any CPU
		{6F11141A-D5E6-44DE-A0D2-F9271E0A2C8E}.Debug|iPhoneSimulator.ActiveCfg = Debug|Any CPU
		{6F11141A-D5E6-44DE-A0D2-F9271E0A2C8E}.Debug|iPhoneSimulator.Build.0 = Debug|Any CPU
		{6F11141A-D5E6-44DE-A0D2-F9271E0A2C8E}.Debug|x64.ActiveCfg = Debug|Any CPU
		{6F11141A-D5E6-44DE-A0D2-F9271E0A2C8E}.Debug|x64.Build.0 = Debug|Any CPU
		{6F11141A-D5E6-44DE-A0D2-F9271E0A2C8E}.Debug|x86.ActiveCfg = Debug|Any CPU
		{6F11141A-D5E6-44DE-A0D2-F9271E0A2C8E}.Debug|x86.Build.0 = Debug|Any CPU
		{6F11141A-D5E6-44DE-A0D2-F9271E0A2C8E}.Release|Any CPU.ActiveCfg = Release|Any CPU
		{6F11141A-D5E6-44DE-A0D2-F9271E0A2C8E}.Release|Any CPU.Build.0 = Release|Any CPU
		{6F11141A-D5E6-44DE-A0D2-F9271E0A2C8E}.Release|ARM.ActiveCfg = Release|Any CPU
		{6F11141A-D5E6-44DE-A0D2-F9271E0A2C8E}.Release|ARM.Build.0 = Release|Any CPU
		{6F11141A-D5E6-44DE-A0D2-F9271E0A2C8E}.Release|iPhone.ActiveCfg = Release|Any CPU
		{6F11141A-D5E6-44DE-A0D2-F9271E0A2C8E}.Release|iPhone.Build.0 = Release|Any CPU
		{6F11141A-D5E6-44DE-A0D2-F9271E0A2C8E}.Release|iPhoneSimulator.ActiveCfg = Release|Any CPU
		{6F11141A-D5E6-44DE-A0D2-F9271E0A2C8E}.Release|iPhoneSimulator.Build.0 = Release|Any CPU
		{6F11141A-D5E6-44DE-A0D2-F9271E0A2C8E}.Release|x64.ActiveCfg = Release|Any CPU
		{6F11141A-D5E6-44DE-A0D2-F9271E0A2C8E}.Release|x64.Build.0 = Release|Any CPU
		{6F11141A-D5E6-44DE-A0D2-F9271E0A2C8E}.Release|x86.ActiveCfg = Release|Any CPU
		{6F11141A-D5E6-44DE-A0D2-F9271E0A2C8E}.Release|x86.Build.0 = Release|Any CPU
		{F59DEE0C-B2E3-4915-BD13-DD0B997DB6EA}.Ad-Hoc|Any CPU.ActiveCfg = Release|Any CPU
		{F59DEE0C-B2E3-4915-BD13-DD0B997DB6EA}.Ad-Hoc|Any CPU.Build.0 = Release|Any CPU
		{F59DEE0C-B2E3-4915-BD13-DD0B997DB6EA}.Ad-Hoc|Any CPU.Deploy.0 = Release|Any CPU
		{F59DEE0C-B2E3-4915-BD13-DD0B997DB6EA}.Ad-Hoc|ARM.ActiveCfg = Release|Any CPU
		{F59DEE0C-B2E3-4915-BD13-DD0B997DB6EA}.Ad-Hoc|ARM.Build.0 = Release|Any CPU
		{F59DEE0C-B2E3-4915-BD13-DD0B997DB6EA}.Ad-Hoc|ARM.Deploy.0 = Release|Any CPU
		{F59DEE0C-B2E3-4915-BD13-DD0B997DB6EA}.Ad-Hoc|iPhone.ActiveCfg = Release|Any CPU
		{F59DEE0C-B2E3-4915-BD13-DD0B997DB6EA}.Ad-Hoc|iPhone.Build.0 = Release|Any CPU
		{F59DEE0C-B2E3-4915-BD13-DD0B997DB6EA}.Ad-Hoc|iPhone.Deploy.0 = Release|Any CPU
		{F59DEE0C-B2E3-4915-BD13-DD0B997DB6EA}.Ad-Hoc|iPhoneSimulator.ActiveCfg = Release|Any CPU
		{F59DEE0C-B2E3-4915-BD13-DD0B997DB6EA}.Ad-Hoc|iPhoneSimulator.Build.0 = Release|Any CPU
		{F59DEE0C-B2E3-4915-BD13-DD0B997DB6EA}.Ad-Hoc|iPhoneSimulator.Deploy.0 = Release|Any CPU
		{F59DEE0C-B2E3-4915-BD13-DD0B997DB6EA}.Ad-Hoc|x64.ActiveCfg = Release|Any CPU
		{F59DEE0C-B2E3-4915-BD13-DD0B997DB6EA}.Ad-Hoc|x64.Build.0 = Release|Any CPU
		{F59DEE0C-B2E3-4915-BD13-DD0B997DB6EA}.Ad-Hoc|x64.Deploy.0 = Release|Any CPU
		{F59DEE0C-B2E3-4915-BD13-DD0B997DB6EA}.Ad-Hoc|x86.ActiveCfg = Release|Any CPU
		{F59DEE0C-B2E3-4915-BD13-DD0B997DB6EA}.Ad-Hoc|x86.Build.0 = Release|Any CPU
		{F59DEE0C-B2E3-4915-BD13-DD0B997DB6EA}.Ad-Hoc|x86.Deploy.0 = Release|Any CPU
		{F59DEE0C-B2E3-4915-BD13-DD0B997DB6EA}.AppStore|Any CPU.ActiveCfg = Release|Any CPU
		{F59DEE0C-B2E3-4915-BD13-DD0B997DB6EA}.AppStore|Any CPU.Build.0 = Release|Any CPU
		{F59DEE0C-B2E3-4915-BD13-DD0B997DB6EA}.AppStore|Any CPU.Deploy.0 = Release|Any CPU
		{F59DEE0C-B2E3-4915-BD13-DD0B997DB6EA}.AppStore|ARM.ActiveCfg = Release|Any CPU
		{F59DEE0C-B2E3-4915-BD13-DD0B997DB6EA}.AppStore|ARM.Build.0 = Release|Any CPU
		{F59DEE0C-B2E3-4915-BD13-DD0B997DB6EA}.AppStore|ARM.Deploy.0 = Release|Any CPU
		{F59DEE0C-B2E3-4915-BD13-DD0B997DB6EA}.AppStore|iPhone.ActiveCfg = Release|Any CPU
		{F59DEE0C-B2E3-4915-BD13-DD0B997DB6EA}.AppStore|iPhone.Build.0 = Release|Any CPU
		{F59DEE0C-B2E3-4915-BD13-DD0B997DB6EA}.AppStore|iPhone.Deploy.0 = Release|Any CPU
		{F59DEE0C-B2E3-4915-BD13-DD0B997DB6EA}.AppStore|iPhoneSimulator.ActiveCfg = Release|Any CPU
		{F59DEE0C-B2E3-4915-BD13-DD0B997DB6EA}.AppStore|iPhoneSimulator.Build.0 = Release|Any CPU
		{F59DEE0C-B2E3-4915-BD13-DD0B997DB6EA}.AppStore|iPhoneSimulator.Deploy.0 = Release|Any CPU
		{F59DEE0C-B2E3-4915-BD13-DD0B997DB6EA}.AppStore|x64.ActiveCfg = Release|Any CPU
		{F59DEE0C-B2E3-4915-BD13-DD0B997DB6EA}.AppStore|x64.Build.0 = Release|Any CPU
		{F59DEE0C-B2E3-4915-BD13-DD0B997DB6EA}.AppStore|x64.Deploy.0 = Release|Any CPU
		{F59DEE0C-B2E3-4915-BD13-DD0B997DB6EA}.AppStore|x86.ActiveCfg = Release|Any CPU
		{F59DEE0C-B2E3-4915-BD13-DD0B997DB6EA}.AppStore|x86.Build.0 = Release|Any CPU
		{F59DEE0C-B2E3-4915-BD13-DD0B997DB6EA}.AppStore|x86.Deploy.0 = Release|Any CPU
		{F59DEE0C-B2E3-4915-BD13-DD0B997DB6EA}.Debug|Any CPU.ActiveCfg = Debug|Any CPU
		{F59DEE0C-B2E3-4915-BD13-DD0B997DB6EA}.Debug|Any CPU.Build.0 = Debug|Any CPU
		{F59DEE0C-B2E3-4915-BD13-DD0B997DB6EA}.Debug|Any CPU.Deploy.0 = Debug|Any CPU
		{F59DEE0C-B2E3-4915-BD13-DD0B997DB6EA}.Debug|ARM.ActiveCfg = Debug|Any CPU
		{F59DEE0C-B2E3-4915-BD13-DD0B997DB6EA}.Debug|ARM.Build.0 = Debug|Any CPU
		{F59DEE0C-B2E3-4915-BD13-DD0B997DB6EA}.Debug|ARM.Deploy.0 = Debug|Any CPU
		{F59DEE0C-B2E3-4915-BD13-DD0B997DB6EA}.Debug|iPhone.ActiveCfg = Debug|Any CPU
		{F59DEE0C-B2E3-4915-BD13-DD0B997DB6EA}.Debug|iPhone.Build.0 = Debug|Any CPU
		{F59DEE0C-B2E3-4915-BD13-DD0B997DB6EA}.Debug|iPhone.Deploy.0 = Debug|Any CPU
		{F59DEE0C-B2E3-4915-BD13-DD0B997DB6EA}.Debug|iPhoneSimulator.ActiveCfg = Debug|Any CPU
		{F59DEE0C-B2E3-4915-BD13-DD0B997DB6EA}.Debug|iPhoneSimulator.Build.0 = Debug|Any CPU
		{F59DEE0C-B2E3-4915-BD13-DD0B997DB6EA}.Debug|iPhoneSimulator.Deploy.0 = Debug|Any CPU
		{F59DEE0C-B2E3-4915-BD13-DD0B997DB6EA}.Debug|x64.ActiveCfg = Debug|Any CPU
		{F59DEE0C-B2E3-4915-BD13-DD0B997DB6EA}.Debug|x64.Build.0 = Debug|Any CPU
		{F59DEE0C-B2E3-4915-BD13-DD0B997DB6EA}.Debug|x64.Deploy.0 = Debug|Any CPU
		{F59DEE0C-B2E3-4915-BD13-DD0B997DB6EA}.Debug|x86.ActiveCfg = Debug|Any CPU
		{F59DEE0C-B2E3-4915-BD13-DD0B997DB6EA}.Debug|x86.Build.0 = Debug|Any CPU
		{F59DEE0C-B2E3-4915-BD13-DD0B997DB6EA}.Debug|x86.Deploy.0 = Debug|Any CPU
		{F59DEE0C-B2E3-4915-BD13-DD0B997DB6EA}.Release|Any CPU.ActiveCfg = Release|Any CPU
		{F59DEE0C-B2E3-4915-BD13-DD0B997DB6EA}.Release|Any CPU.Build.0 = Release|Any CPU
		{F59DEE0C-B2E3-4915-BD13-DD0B997DB6EA}.Release|Any CPU.Deploy.0 = Release|Any CPU
		{F59DEE0C-B2E3-4915-BD13-DD0B997DB6EA}.Release|ARM.ActiveCfg = Release|Any CPU
		{F59DEE0C-B2E3-4915-BD13-DD0B997DB6EA}.Release|ARM.Build.0 = Release|Any CPU
		{F59DEE0C-B2E3-4915-BD13-DD0B997DB6EA}.Release|ARM.Deploy.0 = Release|Any CPU
		{F59DEE0C-B2E3-4915-BD13-DD0B997DB6EA}.Release|iPhone.ActiveCfg = Release|Any CPU
		{F59DEE0C-B2E3-4915-BD13-DD0B997DB6EA}.Release|iPhone.Build.0 = Release|Any CPU
		{F59DEE0C-B2E3-4915-BD13-DD0B997DB6EA}.Release|iPhone.Deploy.0 = Release|Any CPU
		{F59DEE0C-B2E3-4915-BD13-DD0B997DB6EA}.Release|iPhoneSimulator.ActiveCfg = Release|Any CPU
		{F59DEE0C-B2E3-4915-BD13-DD0B997DB6EA}.Release|iPhoneSimulator.Build.0 = Release|Any CPU
		{F59DEE0C-B2E3-4915-BD13-DD0B997DB6EA}.Release|iPhoneSimulator.Deploy.0 = Release|Any CPU
		{F59DEE0C-B2E3-4915-BD13-DD0B997DB6EA}.Release|x64.ActiveCfg = Release|Any CPU
		{F59DEE0C-B2E3-4915-BD13-DD0B997DB6EA}.Release|x64.Build.0 = Release|Any CPU
		{F59DEE0C-B2E3-4915-BD13-DD0B997DB6EA}.Release|x64.Deploy.0 = Release|Any CPU
		{F59DEE0C-B2E3-4915-BD13-DD0B997DB6EA}.Release|x86.ActiveCfg = Release|Any CPU
		{F59DEE0C-B2E3-4915-BD13-DD0B997DB6EA}.Release|x86.Build.0 = Release|Any CPU
		{F59DEE0C-B2E3-4915-BD13-DD0B997DB6EA}.Release|x86.Deploy.0 = Release|Any CPU
		{5EE400BF-DF45-4503-8D3B-D991FEC185A2}.Ad-Hoc|Any CPU.ActiveCfg = Ad-Hoc|iPhone
		{5EE400BF-DF45-4503-8D3B-D991FEC185A2}.Ad-Hoc|ARM.ActiveCfg = Ad-Hoc|iPhone
		{5EE400BF-DF45-4503-8D3B-D991FEC185A2}.Ad-Hoc|iPhone.ActiveCfg = Ad-Hoc|iPhone
		{5EE400BF-DF45-4503-8D3B-D991FEC185A2}.Ad-Hoc|iPhone.Build.0 = Ad-Hoc|iPhone
		{5EE400BF-DF45-4503-8D3B-D991FEC185A2}.Ad-Hoc|iPhoneSimulator.ActiveCfg = Ad-Hoc|iPhoneSimulator
		{5EE400BF-DF45-4503-8D3B-D991FEC185A2}.Ad-Hoc|iPhoneSimulator.Build.0 = Ad-Hoc|iPhoneSimulator
		{5EE400BF-DF45-4503-8D3B-D991FEC185A2}.Ad-Hoc|x64.ActiveCfg = Ad-Hoc|iPhone
		{5EE400BF-DF45-4503-8D3B-D991FEC185A2}.Ad-Hoc|x86.ActiveCfg = Ad-Hoc|iPhone
		{5EE400BF-DF45-4503-8D3B-D991FEC185A2}.AppStore|Any CPU.ActiveCfg = AppStore|iPhone
		{5EE400BF-DF45-4503-8D3B-D991FEC185A2}.AppStore|ARM.ActiveCfg = AppStore|iPhone
		{5EE400BF-DF45-4503-8D3B-D991FEC185A2}.AppStore|iPhone.ActiveCfg = AppStore|iPhone
		{5EE400BF-DF45-4503-8D3B-D991FEC185A2}.AppStore|iPhone.Build.0 = AppStore|iPhone
		{5EE400BF-DF45-4503-8D3B-D991FEC185A2}.AppStore|iPhoneSimulator.ActiveCfg = AppStore|iPhoneSimulator
		{5EE400BF-DF45-4503-8D3B-D991FEC185A2}.AppStore|iPhoneSimulator.Build.0 = AppStore|iPhoneSimulator
		{5EE400BF-DF45-4503-8D3B-D991FEC185A2}.AppStore|x64.ActiveCfg = AppStore|iPhone
		{5EE400BF-DF45-4503-8D3B-D991FEC185A2}.AppStore|x86.ActiveCfg = AppStore|iPhone
		{5EE400BF-DF45-4503-8D3B-D991FEC185A2}.Debug|Any CPU.ActiveCfg = Debug|iPhone
		{5EE400BF-DF45-4503-8D3B-D991FEC185A2}.Debug|ARM.ActiveCfg = Debug|iPhone
		{5EE400BF-DF45-4503-8D3B-D991FEC185A2}.Debug|iPhone.ActiveCfg = Debug|iPhone
		{5EE400BF-DF45-4503-8D3B-D991FEC185A2}.Debug|iPhone.Build.0 = Debug|iPhone
		{5EE400BF-DF45-4503-8D3B-D991FEC185A2}.Debug|iPhoneSimulator.ActiveCfg = Debug|iPhoneSimulator
		{5EE400BF-DF45-4503-8D3B-D991FEC185A2}.Debug|iPhoneSimulator.Build.0 = Debug|iPhoneSimulator
		{5EE400BF-DF45-4503-8D3B-D991FEC185A2}.Debug|x64.ActiveCfg = Debug|iPhone
		{5EE400BF-DF45-4503-8D3B-D991FEC185A2}.Debug|x86.ActiveCfg = Debug|iPhone
		{5EE400BF-DF45-4503-8D3B-D991FEC185A2}.Release|Any CPU.ActiveCfg = Release|iPhone
		{5EE400BF-DF45-4503-8D3B-D991FEC185A2}.Release|ARM.ActiveCfg = Release|iPhone
		{5EE400BF-DF45-4503-8D3B-D991FEC185A2}.Release|iPhone.ActiveCfg = Release|iPhone
		{5EE400BF-DF45-4503-8D3B-D991FEC185A2}.Release|iPhone.Build.0 = Release|iPhone
		{5EE400BF-DF45-4503-8D3B-D991FEC185A2}.Release|iPhoneSimulator.ActiveCfg = Release|iPhoneSimulator
		{5EE400BF-DF45-4503-8D3B-D991FEC185A2}.Release|iPhoneSimulator.Build.0 = Release|iPhoneSimulator
		{5EE400BF-DF45-4503-8D3B-D991FEC185A2}.Release|x64.ActiveCfg = Release|iPhone
		{5EE400BF-DF45-4503-8D3B-D991FEC185A2}.Release|x86.ActiveCfg = Release|iPhone
		{C1CFE039-1E29-4EF5-8EC4-C919341D78F3}.Ad-Hoc|Any CPU.ActiveCfg = Release|x86
		{C1CFE039-1E29-4EF5-8EC4-C919341D78F3}.Ad-Hoc|Any CPU.Build.0 = Release|x86
		{C1CFE039-1E29-4EF5-8EC4-C919341D78F3}.Ad-Hoc|Any CPU.Deploy.0 = Release|x86
		{C1CFE039-1E29-4EF5-8EC4-C919341D78F3}.Ad-Hoc|ARM.ActiveCfg = Release|ARM
		{C1CFE039-1E29-4EF5-8EC4-C919341D78F3}.Ad-Hoc|ARM.Build.0 = Release|ARM
		{C1CFE039-1E29-4EF5-8EC4-C919341D78F3}.Ad-Hoc|ARM.Deploy.0 = Release|ARM
		{C1CFE039-1E29-4EF5-8EC4-C919341D78F3}.Ad-Hoc|iPhone.ActiveCfg = Release|x86
		{C1CFE039-1E29-4EF5-8EC4-C919341D78F3}.Ad-Hoc|iPhone.Build.0 = Release|x86
		{C1CFE039-1E29-4EF5-8EC4-C919341D78F3}.Ad-Hoc|iPhone.Deploy.0 = Release|x86
		{C1CFE039-1E29-4EF5-8EC4-C919341D78F3}.Ad-Hoc|iPhoneSimulator.ActiveCfg = Release|x86
		{C1CFE039-1E29-4EF5-8EC4-C919341D78F3}.Ad-Hoc|iPhoneSimulator.Build.0 = Release|x86
		{C1CFE039-1E29-4EF5-8EC4-C919341D78F3}.Ad-Hoc|iPhoneSimulator.Deploy.0 = Release|x86
		{C1CFE039-1E29-4EF5-8EC4-C919341D78F3}.Ad-Hoc|x64.ActiveCfg = Release|x64
		{C1CFE039-1E29-4EF5-8EC4-C919341D78F3}.Ad-Hoc|x64.Build.0 = Release|x64
		{C1CFE039-1E29-4EF5-8EC4-C919341D78F3}.Ad-Hoc|x64.Deploy.0 = Release|x64
		{C1CFE039-1E29-4EF5-8EC4-C919341D78F3}.Ad-Hoc|x86.ActiveCfg = Release|x86
		{C1CFE039-1E29-4EF5-8EC4-C919341D78F3}.Ad-Hoc|x86.Build.0 = Release|x86
		{C1CFE039-1E29-4EF5-8EC4-C919341D78F3}.Ad-Hoc|x86.Deploy.0 = Release|x86
		{C1CFE039-1E29-4EF5-8EC4-C919341D78F3}.AppStore|Any CPU.ActiveCfg = Release|x86
		{C1CFE039-1E29-4EF5-8EC4-C919341D78F3}.AppStore|Any CPU.Build.0 = Release|x86
		{C1CFE039-1E29-4EF5-8EC4-C919341D78F3}.AppStore|Any CPU.Deploy.0 = Release|x86
		{C1CFE039-1E29-4EF5-8EC4-C919341D78F3}.AppStore|ARM.ActiveCfg = Release|ARM
		{C1CFE039-1E29-4EF5-8EC4-C919341D78F3}.AppStore|ARM.Build.0 = Release|ARM
		{C1CFE039-1E29-4EF5-8EC4-C919341D78F3}.AppStore|ARM.Deploy.0 = Release|ARM
		{C1CFE039-1E29-4EF5-8EC4-C919341D78F3}.AppStore|iPhone.ActiveCfg = Release|x86
		{C1CFE039-1E29-4EF5-8EC4-C919341D78F3}.AppStore|iPhone.Build.0 = Release|x86
		{C1CFE039-1E29-4EF5-8EC4-C919341D78F3}.AppStore|iPhone.Deploy.0 = Release|x86
		{C1CFE039-1E29-4EF5-8EC4-C919341D78F3}.AppStore|iPhoneSimulator.ActiveCfg = Release|x86
		{C1CFE039-1E29-4EF5-8EC4-C919341D78F3}.AppStore|iPhoneSimulator.Build.0 = Release|x86
		{C1CFE039-1E29-4EF5-8EC4-C919341D78F3}.AppStore|iPhoneSimulator.Deploy.0 = Release|x86
		{C1CFE039-1E29-4EF5-8EC4-C919341D78F3}.AppStore|x64.ActiveCfg = Release|x64
		{C1CFE039-1E29-4EF5-8EC4-C919341D78F3}.AppStore|x64.Build.0 = Release|x64
		{C1CFE039-1E29-4EF5-8EC4-C919341D78F3}.AppStore|x64.Deploy.0 = Release|x64
		{C1CFE039-1E29-4EF5-8EC4-C919341D78F3}.AppStore|x86.ActiveCfg = Release|x86
		{C1CFE039-1E29-4EF5-8EC4-C919341D78F3}.AppStore|x86.Build.0 = Release|x86
		{C1CFE039-1E29-4EF5-8EC4-C919341D78F3}.AppStore|x86.Deploy.0 = Release|x86
		{C1CFE039-1E29-4EF5-8EC4-C919341D78F3}.Debug|Any CPU.ActiveCfg = Debug|x86
		{C1CFE039-1E29-4EF5-8EC4-C919341D78F3}.Debug|Any CPU.Build.0 = Debug|x86
		{C1CFE039-1E29-4EF5-8EC4-C919341D78F3}.Debug|Any CPU.Deploy.0 = Debug|x86
		{C1CFE039-1E29-4EF5-8EC4-C919341D78F3}.Debug|ARM.ActiveCfg = Debug|ARM
		{C1CFE039-1E29-4EF5-8EC4-C919341D78F3}.Debug|ARM.Build.0 = Debug|ARM
		{C1CFE039-1E29-4EF5-8EC4-C919341D78F3}.Debug|ARM.Deploy.0 = Debug|ARM
		{C1CFE039-1E29-4EF5-8EC4-C919341D78F3}.Debug|iPhone.ActiveCfg = Debug|x86
		{C1CFE039-1E29-4EF5-8EC4-C919341D78F3}.Debug|iPhoneSimulator.ActiveCfg = Debug|x86
		{C1CFE039-1E29-4EF5-8EC4-C919341D78F3}.Debug|iPhoneSimulator.Build.0 = Debug|x86
		{C1CFE039-1E29-4EF5-8EC4-C919341D78F3}.Debug|iPhoneSimulator.Deploy.0 = Debug|x86
		{C1CFE039-1E29-4EF5-8EC4-C919341D78F3}.Debug|x64.ActiveCfg = Debug|x64
		{C1CFE039-1E29-4EF5-8EC4-C919341D78F3}.Debug|x64.Build.0 = Debug|x64
		{C1CFE039-1E29-4EF5-8EC4-C919341D78F3}.Debug|x64.Deploy.0 = Debug|x64
		{C1CFE039-1E29-4EF5-8EC4-C919341D78F3}.Debug|x86.ActiveCfg = Debug|x86
		{C1CFE039-1E29-4EF5-8EC4-C919341D78F3}.Debug|x86.Build.0 = Debug|x86
		{C1CFE039-1E29-4EF5-8EC4-C919341D78F3}.Debug|x86.Deploy.0 = Debug|x86
		{C1CFE039-1E29-4EF5-8EC4-C919341D78F3}.Release|Any CPU.ActiveCfg = Release|x86
		{C1CFE039-1E29-4EF5-8EC4-C919341D78F3}.Release|ARM.ActiveCfg = Release|ARM
		{C1CFE039-1E29-4EF5-8EC4-C919341D78F3}.Release|ARM.Build.0 = Release|ARM
		{C1CFE039-1E29-4EF5-8EC4-C919341D78F3}.Release|ARM.Deploy.0 = Release|ARM
		{C1CFE039-1E29-4EF5-8EC4-C919341D78F3}.Release|iPhone.ActiveCfg = Release|x86
		{C1CFE039-1E29-4EF5-8EC4-C919341D78F3}.Release|iPhoneSimulator.ActiveCfg = Release|x86
		{C1CFE039-1E29-4EF5-8EC4-C919341D78F3}.Release|x64.ActiveCfg = Release|x64
		{C1CFE039-1E29-4EF5-8EC4-C919341D78F3}.Release|x64.Build.0 = Release|x64
		{C1CFE039-1E29-4EF5-8EC4-C919341D78F3}.Release|x64.Deploy.0 = Release|x64
		{C1CFE039-1E29-4EF5-8EC4-C919341D78F3}.Release|x86.ActiveCfg = Release|x86
		{C1CFE039-1E29-4EF5-8EC4-C919341D78F3}.Release|x86.Build.0 = Release|x86
		{C1CFE039-1E29-4EF5-8EC4-C919341D78F3}.Release|x86.Deploy.0 = Release|x86
	EndGlobalSection
	GlobalSection(SolutionProperties) = preSolution
		HideSolutionNode = FALSE
	EndGlobalSection
EndGlobal
