
Microsoft Visual Studio Solution File, Format Version 12.00
# Visual Studio 14
VisualStudioVersion = 14.0.25420.1
MinimumVisualStudioVersion = 10.0.40219.1
Project("{FAE04EC0-301F-11D3-BF4B-00C04F79EFBC}") = "DataForms", "DataForms\DataForms\DataForms.csproj", "{124FE326-AE44-469E-B9D1-20A2915A6FE7}"
EndProject
Project("{FAE04EC0-301F-11D3-BF4B-00C04F79EFBC}") = "DataForms.Droid", "DataForms\DataForms.Droid\DataForms.Droid.csproj", "{8B6A4BC0-27BA-4123-9A59-7E9CAD68EA2F}"
EndProject
Project("{FAE04EC0-301F-11D3-BF4B-00C04F79EFBC}") = "DataForms.iOS", "DataForms\DataForms.iOS\DataForms.iOS.csproj", "{40C69E29-3FC4-4A31-BFF9-79108777DC02}"
EndProject
Project("{FAE04EC0-301F-11D3-BF4B-00C04F79EFBC}") = "DataForms.UWP", "DataForms\DataForms.UWP\DataForms.UWP.csproj", "{3263A219-49F5-497E-80E1-50A844F98812}"
EndProject
Global
	GlobalSection(SolutionConfigurationPlatforms) = preSolution
		Ad-Hoc|Any CPU = Ad-Hoc|Any CPU
		Ad-Hoc|ARM = Ad-Hoc|ARM
		Ad-Hoc|iPhone = Ad-Hoc|iPhone
		Ad-Hoc|iPhoneSimulator = Ad-Hoc|iPhoneSimulator
		Ad-Hoc|x64 = Ad-Hoc|x64
		Ad-Hoc|x86 = Ad-Hoc|x86
		AppStore|Any CPU = AppStore|Any CPU
		AppStore|ARM = AppStore|ARM
		AppStore|iPhone = AppStore|iPhone
		AppStore|iPhoneSimulator = AppStore|iPhoneSimulator
		AppStore|x64 = AppStore|x64
		AppStore|x86 = AppStore|x86
		Debug|Any CPU = Debug|Any CPU
		Debug|ARM = Debug|ARM
		Debug|iPhone = Debug|iPhone
		Debug|iPhoneSimulator = Debug|iPhoneSimulator
		Debug|x64 = Debug|x64
		Debug|x86 = Debug|x86
		Release|Any CPU = Release|Any CPU
		Release|ARM = Release|ARM
		Release|iPhone = Release|iPhone
		Release|iPhoneSimulator = Release|iPhoneSimulator
		Release|x64 = Release|x64
		Release|x86 = Release|x86
	EndGlobalSection
	GlobalSection(ProjectConfigurationPlatforms) = postSolution
		{124FE326-AE44-469E-B9D1-20A2915A6FE7}.Ad-Hoc|Any CPU.ActiveCfg = Release|Any CPU
		{124FE326-AE44-469E-B9D1-20A2915A6FE7}.Ad-Hoc|Any CPU.Build.0 = Release|Any CPU
		{124FE326-AE44-469E-B9D1-20A2915A6FE7}.Ad-Hoc|ARM.ActiveCfg = Release|Any CPU
		{124FE326-AE44-469E-B9D1-20A2915A6FE7}.Ad-Hoc|ARM.Build.0 = Release|Any CPU
		{124FE326-AE44-469E-B9D1-20A2915A6FE7}.Ad-Hoc|iPhone.ActiveCfg = Release|Any CPU
		{124FE326-AE44-469E-B9D1-20A2915A6FE7}.Ad-Hoc|iPhone.Build.0 = Release|Any CPU
		{124FE326-AE44-469E-B9D1-20A2915A6FE7}.Ad-Hoc|iPhoneSimulator.ActiveCfg = Release|Any CPU
		{124FE326-AE44-469E-B9D1-20A2915A6FE7}.Ad-Hoc|iPhoneSimulator.Build.0 = Release|Any CPU
		{124FE326-AE44-469E-B9D1-20A2915A6FE7}.Ad-Hoc|x64.ActiveCfg = Release|Any CPU
		{124FE326-AE44-469E-B9D1-20A2915A6FE7}.Ad-Hoc|x64.Build.0 = Release|Any CPU
		{124FE326-AE44-469E-B9D1-20A2915A6FE7}.Ad-Hoc|x86.ActiveCfg = Release|Any CPU
		{124FE326-AE44-469E-B9D1-20A2915A6FE7}.Ad-Hoc|x86.Build.0 = Release|Any CPU
		{124FE326-AE44-469E-B9D1-20A2915A6FE7}.AppStore|Any CPU.ActiveCfg = Release|Any CPU
		{124FE326-AE44-469E-B9D1-20A2915A6FE7}.AppStore|Any CPU.Build.0 = Release|Any CPU
		{124FE326-AE44-469E-B9D1-20A2915A6FE7}.AppStore|ARM.ActiveCfg = Release|Any CPU
		{124FE326-AE44-469E-B9D1-20A2915A6FE7}.AppStore|ARM.Build.0 = Release|Any CPU
		{124FE326-AE44-469E-B9D1-20A2915A6FE7}.AppStore|iPhone.ActiveCfg = Release|Any CPU
		{124FE326-AE44-469E-B9D1-20A2915A6FE7}.AppStore|iPhone.Build.0 = Release|Any CPU
		{124FE326-AE44-469E-B9D1-20A2915A6FE7}.AppStore|iPhoneSimulator.ActiveCfg = Release|Any CPU
		{124FE326-AE44-469E-B9D1-20A2915A6FE7}.AppStore|iPhoneSimulator.Build.0 = Release|Any CPU
		{124FE326-AE44-469E-B9D1-20A2915A6FE7}.AppStore|x64.ActiveCfg = Release|Any CPU
		{124FE326-AE44-469E-B9D1-20A2915A6FE7}.AppStore|x64.Build.0 = Release|Any CPU
		{124FE326-AE44-469E-B9D1-20A2915A6FE7}.AppStore|x86.ActiveCfg = Release|Any CPU
		{124FE326-AE44-469E-B9D1-20A2915A6FE7}.AppStore|x86.Build.0 = Release|Any CPU
		{124FE326-AE44-469E-B9D1-20A2915A6FE7}.Debug|Any CPU.ActiveCfg = Debug|Any CPU
		{124FE326-AE44-469E-B9D1-20A2915A6FE7}.Debug|Any CPU.Build.0 = Debug|Any CPU
		{124FE326-AE44-469E-B9D1-20A2915A6FE7}.Debug|ARM.ActiveCfg = Debug|Any CPU
		{124FE326-AE44-469E-B9D1-20A2915A6FE7}.Debug|ARM.Build.0 = Debug|Any CPU
		{124FE326-AE44-469E-B9D1-20A2915A6FE7}.Debug|iPhone.ActiveCfg = Debug|Any CPU
		{124FE326-AE44-469E-B9D1-20A2915A6FE7}.Debug|iPhone.Build.0 = Debug|Any CPU
		{124FE326-AE44-469E-B9D1-20A2915A6FE7}.Debug|iPhoneSimulator.ActiveCfg = Debug|Any CPU
		{124FE326-AE44-469E-B9D1-20A2915A6FE7}.Debug|iPhoneSimulator.Build.0 = Debug|Any CPU
		{124FE326-AE44-469E-B9D1-20A2915A6FE7}.Debug|x64.ActiveCfg = Debug|Any CPU
		{124FE326-AE44-469E-B9D1-20A2915A6FE7}.Debug|x64.Build.0 = Debug|Any CPU
		{124FE326-AE44-469E-B9D1-20A2915A6FE7}.Debug|x86.ActiveCfg = Debug|Any CPU
		{124FE326-AE44-469E-B9D1-20A2915A6FE7}.Debug|x86.Build.0 = Debug|Any CPU
		{124FE326-AE44-469E-B9D1-20A2915A6FE7}.Release|Any CPU.ActiveCfg = Release|Any CPU
		{124FE326-AE44-469E-B9D1-20A2915A6FE7}.Release|Any CPU.Build.0 = Release|Any CPU
		{124FE326-AE44-469E-B9D1-20A2915A6FE7}.Release|ARM.ActiveCfg = Release|Any CPU
		{124FE326-AE44-469E-B9D1-20A2915A6FE7}.Release|ARM.Build.0 = Release|Any CPU
		{124FE326-AE44-469E-B9D1-20A2915A6FE7}.Release|iPhone.ActiveCfg = Release|Any CPU
		{124FE326-AE44-469E-B9D1-20A2915A6FE7}.Release|iPhone.Build.0 = Release|Any CPU
		{124FE326-AE44-469E-B9D1-20A2915A6FE7}.Release|iPhoneSimulator.ActiveCfg = Release|Any CPU
		{124FE326-AE44-469E-B9D1-20A2915A6FE7}.Release|iPhoneSimulator.Build.0 = Release|Any CPU
		{124FE326-AE44-469E-B9D1-20A2915A6FE7}.Release|x64.ActiveCfg = Release|Any CPU
		{124FE326-AE44-469E-B9D1-20A2915A6FE7}.Release|x64.Build.0 = Release|Any CPU
		{124FE326-AE44-469E-B9D1-20A2915A6FE7}.Release|x86.ActiveCfg = Release|Any CPU
		{124FE326-AE44-469E-B9D1-20A2915A6FE7}.Release|x86.Build.0 = Release|Any CPU
		{8B6A4BC0-27BA-4123-9A59-7E9CAD68EA2F}.Ad-Hoc|Any CPU.ActiveCfg = Release|Any CPU
		{8B6A4BC0-27BA-4123-9A59-7E9CAD68EA2F}.Ad-Hoc|Any CPU.Build.0 = Release|Any CPU
		{8B6A4BC0-27BA-4123-9A59-7E9CAD68EA2F}.Ad-Hoc|Any CPU.Deploy.0 = Release|Any CPU
		{8B6A4BC0-27BA-4123-9A59-7E9CAD68EA2F}.Ad-Hoc|ARM.ActiveCfg = Release|Any CPU
		{8B6A4BC0-27BA-4123-9A59-7E9CAD68EA2F}.Ad-Hoc|ARM.Build.0 = Release|Any CPU
		{8B6A4BC0-27BA-4123-9A59-7E9CAD68EA2F}.Ad-Hoc|ARM.Deploy.0 = Release|Any CPU
		{8B6A4BC0-27BA-4123-9A59-7E9CAD68EA2F}.Ad-Hoc|iPhone.ActiveCfg = Release|Any CPU
		{8B6A4BC0-27BA-4123-9A59-7E9CAD68EA2F}.Ad-Hoc|iPhone.Build.0 = Release|Any CPU
		{8B6A4BC0-27BA-4123-9A59-7E9CAD68EA2F}.Ad-Hoc|iPhone.Deploy.0 = Release|Any CPU
		{8B6A4BC0-27BA-4123-9A59-7E9CAD68EA2F}.Ad-Hoc|iPhoneSimulator.ActiveCfg = Release|Any CPU
		{8B6A4BC0-27BA-4123-9A59-7E9CAD68EA2F}.Ad-Hoc|iPhoneSimulator.Build.0 = Release|Any CPU
		{8B6A4BC0-27BA-4123-9A59-7E9CAD68EA2F}.Ad-Hoc|iPhoneSimulator.Deploy.0 = Release|Any CPU
		{8B6A4BC0-27BA-4123-9A59-7E9CAD68EA2F}.Ad-Hoc|x64.ActiveCfg = Release|Any CPU
		{8B6A4BC0-27BA-4123-9A59-7E9CAD68EA2F}.Ad-Hoc|x64.Build.0 = Release|Any CPU
		{8B6A4BC0-27BA-4123-9A59-7E9CAD68EA2F}.Ad-Hoc|x64.Deploy.0 = Release|Any CPU
		{8B6A4BC0-27BA-4123-9A59-7E9CAD68EA2F}.Ad-Hoc|x86.ActiveCfg = Release|Any CPU
		{8B6A4BC0-27BA-4123-9A59-7E9CAD68EA2F}.Ad-Hoc|x86.Build.0 = Release|Any CPU
		{8B6A4BC0-27BA-4123-9A59-7E9CAD68EA2F}.Ad-Hoc|x86.Deploy.0 = Release|Any CPU
		{8B6A4BC0-27BA-4123-9A59-7E9CAD68EA2F}.AppStore|Any CPU.ActiveCfg = Release|Any CPU
		{8B6A4BC0-27BA-4123-9A59-7E9CAD68EA2F}.AppStore|Any CPU.Build.0 = Release|Any CPU
		{8B6A4BC0-27BA-4123-9A59-7E9CAD68EA2F}.AppStore|Any CPU.Deploy.0 = Release|Any CPU
		{8B6A4BC0-27BA-4123-9A59-7E9CAD68EA2F}.AppStore|ARM.ActiveCfg = Release|Any CPU
		{8B6A4BC0-27BA-4123-9A59-7E9CAD68EA2F}.AppStore|ARM.Build.0 = Release|Any CPU
		{8B6A4BC0-27BA-4123-9A59-7E9CAD68EA2F}.AppStore|ARM.Deploy.0 = Release|Any CPU
		{8B6A4BC0-27BA-4123-9A59-7E9CAD68EA2F}.AppStore|iPhone.ActiveCfg = Release|Any CPU
		{8B6A4BC0-27BA-4123-9A59-7E9CAD68EA2F}.AppStore|iPhone.Build.0 = Release|Any CPU
		{8B6A4BC0-27BA-4123-9A59-7E9CAD68EA2F}.AppStore|iPhone.Deploy.0 = Release|Any CPU
		{8B6A4BC0-27BA-4123-9A59-7E9CAD68EA2F}.AppStore|iPhoneSimulator.ActiveCfg = Release|Any CPU
		{8B6A4BC0-27BA-4123-9A59-7E9CAD68EA2F}.AppStore|iPhoneSimulator.Build.0 = Release|Any CPU
		{8B6A4BC0-27BA-4123-9A59-7E9CAD68EA2F}.AppStore|iPhoneSimulator.Deploy.0 = Release|Any CPU
		{8B6A4BC0-27BA-4123-9A59-7E9CAD68EA2F}.AppStore|x64.ActiveCfg = Release|Any CPU
		{8B6A4BC0-27BA-4123-9A59-7E9CAD68EA2F}.AppStore|x64.Build.0 = Release|Any CPU
		{8B6A4BC0-27BA-4123-9A59-7E9CAD68EA2F}.AppStore|x64.Deploy.0 = Release|Any CPU
		{8B6A4BC0-27BA-4123-9A59-7E9CAD68EA2F}.AppStore|x86.ActiveCfg = Release|Any CPU
		{8B6A4BC0-27BA-4123-9A59-7E9CAD68EA2F}.AppStore|x86.Build.0 = Release|Any CPU
		{8B6A4BC0-27BA-4123-9A59-7E9CAD68EA2F}.AppStore|x86.Deploy.0 = Release|Any CPU
		{8B6A4BC0-27BA-4123-9A59-7E9CAD68EA2F}.Debug|Any CPU.ActiveCfg = Debug|Any CPU
		{8B6A4BC0-27BA-4123-9A59-7E9CAD68EA2F}.Debug|Any CPU.Build.0 = Debug|Any CPU
		{8B6A4BC0-27BA-4123-9A59-7E9CAD68EA2F}.Debug|Any CPU.Deploy.0 = Debug|Any CPU
		{8B6A4BC0-27BA-4123-9A59-7E9CAD68EA2F}.Debug|ARM.ActiveCfg = Debug|Any CPU
		{8B6A4BC0-27BA-4123-9A59-7E9CAD68EA2F}.Debug|ARM.Build.0 = Debug|Any CPU
		{8B6A4BC0-27BA-4123-9A59-7E9CAD68EA2F}.Debug|ARM.Deploy.0 = Debug|Any CPU
		{8B6A4BC0-27BA-4123-9A59-7E9CAD68EA2F}.Debug|iPhone.ActiveCfg = Debug|Any CPU
		{8B6A4BC0-27BA-4123-9A59-7E9CAD68EA2F}.Debug|iPhone.Build.0 = Debug|Any CPU
		{8B6A4BC0-27BA-4123-9A59-7E9CAD68EA2F}.Debug|iPhone.Deploy.0 = Debug|Any CPU
		{8B6A4BC0-27BA-4123-9A59-7E9CAD68EA2F}.Debug|iPhoneSimulator.ActiveCfg = Debug|Any CPU
		{8B6A4BC0-27BA-4123-9A59-7E9CAD68EA2F}.Debug|iPhoneSimulator.Build.0 = Debug|Any CPU
		{8B6A4BC0-27BA-4123-9A59-7E9CAD68EA2F}.Debug|iPhoneSimulator.Deploy.0 = Debug|Any CPU
		{8B6A4BC0-27BA-4123-9A59-7E9CAD68EA2F}.Debug|x64.ActiveCfg = Debug|Any CPU
		{8B6A4BC0-27BA-4123-9A59-7E9CAD68EA2F}.Debug|x64.Build.0 = Debug|Any CPU
		{8B6A4BC0-27BA-4123-9A59-7E9CAD68EA2F}.Debug|x64.Deploy.0 = Debug|Any CPU
		{8B6A4BC0-27BA-4123-9A59-7E9CAD68EA2F}.Debug|x86.ActiveCfg = Debug|Any CPU
		{8B6A4BC0-27BA-4123-9A59-7E9CAD68EA2F}.Debug|x86.Build.0 = Debug|Any CPU
		{8B6A4BC0-27BA-4123-9A59-7E9CAD68EA2F}.Debug|x86.Deploy.0 = Debug|Any CPU
		{8B6A4BC0-27BA-4123-9A59-7E9CAD68EA2F}.Release|Any CPU.ActiveCfg = Release|Any CPU
		{8B6A4BC0-27BA-4123-9A59-7E9CAD68EA2F}.Release|Any CPU.Build.0 = Release|Any CPU
		{8B6A4BC0-27BA-4123-9A59-7E9CAD68EA2F}.Release|Any CPU.Deploy.0 = Release|Any CPU
		{8B6A4BC0-27BA-4123-9A59-7E9CAD68EA2F}.Release|ARM.ActiveCfg = Release|Any CPU
		{8B6A4BC0-27BA-4123-9A59-7E9CAD68EA2F}.Release|ARM.Build.0 = Release|Any CPU
		{8B6A4BC0-27BA-4123-9A59-7E9CAD68EA2F}.Release|ARM.Deploy.0 = Release|Any CPU
		{8B6A4BC0-27BA-4123-9A59-7E9CAD68EA2F}.Release|iPhone.ActiveCfg = Release|Any CPU
		{8B6A4BC0-27BA-4123-9A59-7E9CAD68EA2F}.Release|iPhone.Build.0 = Release|Any CPU
		{8B6A4BC0-27BA-4123-9A59-7E9CAD68EA2F}.Release|iPhone.Deploy.0 = Release|Any CPU
		{8B6A4BC0-27BA-4123-9A59-7E9CAD68EA2F}.Release|iPhoneSimulator.ActiveCfg = Release|Any CPU
		{8B6A4BC0-27BA-4123-9A59-7E9CAD68EA2F}.Release|iPhoneSimulator.Build.0 = Release|Any CPU
		{8B6A4BC0-27BA-4123-9A59-7E9CAD68EA2F}.Release|iPhoneSimulator.Deploy.0 = Release|Any CPU
		{8B6A4BC0-27BA-4123-9A59-7E9CAD68EA2F}.Release|x64.ActiveCfg = Release|Any CPU
		{8B6A4BC0-27BA-4123-9A59-7E9CAD68EA2F}.Release|x64.Build.0 = Release|Any CPU
		{8B6A4BC0-27BA-4123-9A59-7E9CAD68EA2F}.Release|x64.Deploy.0 = Release|Any CPU
		{8B6A4BC0-27BA-4123-9A59-7E9CAD68EA2F}.Release|x86.ActiveCfg = Release|Any CPU
		{8B6A4BC0-27BA-4123-9A59-7E9CAD68EA2F}.Release|x86.Build.0 = Release|Any CPU
		{8B6A4BC0-27BA-4123-9A59-7E9CAD68EA2F}.Release|x86.Deploy.0 = Release|Any CPU
		{40C69E29-3FC4-4A31-BFF9-79108777DC02}.Ad-Hoc|Any CPU.ActiveCfg = Ad-Hoc|iPhone
		{40C69E29-3FC4-4A31-BFF9-79108777DC02}.Ad-Hoc|ARM.ActiveCfg = Ad-Hoc|iPhone
		{40C69E29-3FC4-4A31-BFF9-79108777DC02}.Ad-Hoc|iPhone.ActiveCfg = Ad-Hoc|iPhone
		{40C69E29-3FC4-4A31-BFF9-79108777DC02}.Ad-Hoc|iPhone.Build.0 = Ad-Hoc|iPhone
		{40C69E29-3FC4-4A31-BFF9-79108777DC02}.Ad-Hoc|iPhoneSimulator.ActiveCfg = Ad-Hoc|iPhoneSimulator
		{40C69E29-3FC4-4A31-BFF9-79108777DC02}.Ad-Hoc|iPhoneSimulator.Build.0 = Ad-Hoc|iPhoneSimulator
		{40C69E29-3FC4-4A31-BFF9-79108777DC02}.Ad-Hoc|x64.ActiveCfg = Ad-Hoc|iPhone
		{40C69E29-3FC4-4A31-BFF9-79108777DC02}.Ad-Hoc|x86.ActiveCfg = Ad-Hoc|iPhone
		{40C69E29-3FC4-4A31-BFF9-79108777DC02}.AppStore|Any CPU.ActiveCfg = AppStore|iPhone
		{40C69E29-3FC4-4A31-BFF9-79108777DC02}.AppStore|ARM.ActiveCfg = AppStore|iPhone
		{40C69E29-3FC4-4A31-BFF9-79108777DC02}.AppStore|iPhone.ActiveCfg = AppStore|iPhone
		{40C69E29-3FC4-4A31-BFF9-79108777DC02}.AppStore|iPhone.Build.0 = AppStore|iPhone
		{40C69E29-3FC4-4A31-BFF9-79108777DC02}.AppStore|iPhoneSimulator.ActiveCfg = AppStore|iPhoneSimulator
		{40C69E29-3FC4-4A31-BFF9-79108777DC02}.AppStore|iPhoneSimulator.Build.0 = AppStore|iPhoneSimulator
		{40C69E29-3FC4-4A31-BFF9-79108777DC02}.AppStore|x64.ActiveCfg = AppStore|iPhone
		{40C69E29-3FC4-4A31-BFF9-79108777DC02}.AppStore|x86.ActiveCfg = AppStore|iPhone
		{40C69E29-3FC4-4A31-BFF9-79108777DC02}.Debug|Any CPU.ActiveCfg = Debug|iPhone
		{40C69E29-3FC4-4A31-BFF9-79108777DC02}.Debug|ARM.ActiveCfg = Debug|iPhone
		{40C69E29-3FC4-4A31-BFF9-79108777DC02}.Debug|iPhone.ActiveCfg = Debug|iPhone
		{40C69E29-3FC4-4A31-BFF9-79108777DC02}.Debug|iPhone.Build.0 = Debug|iPhone
		{40C69E29-3FC4-4A31-BFF9-79108777DC02}.Debug|iPhoneSimulator.ActiveCfg = Debug|iPhoneSimulator
		{40C69E29-3FC4-4A31-BFF9-79108777DC02}.Debug|iPhoneSimulator.Build.0 = Debug|iPhoneSimulator
		{40C69E29-3FC4-4A31-BFF9-79108777DC02}.Debug|x64.ActiveCfg = Debug|iPhone
		{40C69E29-3FC4-4A31-BFF9-79108777DC02}.Debug|x86.ActiveCfg = Debug|iPhone
		{40C69E29-3FC4-4A31-BFF9-79108777DC02}.Release|Any CPU.ActiveCfg = Release|iPhone
		{40C69E29-3FC4-4A31-BFF9-79108777DC02}.Release|ARM.ActiveCfg = Release|iPhone
		{40C69E29-3FC4-4A31-BFF9-79108777DC02}.Release|iPhone.ActiveCfg = Release|iPhone
		{40C69E29-3FC4-4A31-BFF9-79108777DC02}.Release|iPhone.Build.0 = Release|iPhone
		{40C69E29-3FC4-4A31-BFF9-79108777DC02}.Release|iPhoneSimulator.ActiveCfg = Release|iPhoneSimulator
		{40C69E29-3FC4-4A31-BFF9-79108777DC02}.Release|iPhoneSimulator.Build.0 = Release|iPhoneSimulator
		{40C69E29-3FC4-4A31-BFF9-79108777DC02}.Release|x64.ActiveCfg = Release|iPhone
		{40C69E29-3FC4-4A31-BFF9-79108777DC02}.Release|x86.ActiveCfg = Release|iPhone
		{3263A219-49F5-497E-80E1-50A844F98812}.Ad-Hoc|Any CPU.ActiveCfg = Release|x86
		{3263A219-49F5-497E-80E1-50A844F98812}.Ad-Hoc|Any CPU.Build.0 = Release|x86
		{3263A219-49F5-497E-80E1-50A844F98812}.Ad-Hoc|Any CPU.Deploy.0 = Release|x86
		{3263A219-49F5-497E-80E1-50A844F98812}.Ad-Hoc|ARM.ActiveCfg = Release|ARM
		{3263A219-49F5-497E-80E1-50A844F98812}.Ad-Hoc|ARM.Build.0 = Release|ARM
		{3263A219-49F5-497E-80E1-50A844F98812}.Ad-Hoc|ARM.Deploy.0 = Release|ARM
		{3263A219-49F5-497E-80E1-50A844F98812}.Ad-Hoc|iPhone.ActiveCfg = Release|x86
		{3263A219-49F5-497E-80E1-50A844F98812}.Ad-Hoc|iPhone.Build.0 = Release|x86
		{3263A219-49F5-497E-80E1-50A844F98812}.Ad-Hoc|iPhone.Deploy.0 = Release|x86
		{3263A219-49F5-497E-80E1-50A844F98812}.Ad-Hoc|iPhoneSimulator.ActiveCfg = Release|x86
		{3263A219-49F5-497E-80E1-50A844F98812}.Ad-Hoc|iPhoneSimulator.Build.0 = Release|x86
		{3263A219-49F5-497E-80E1-50A844F98812}.Ad-Hoc|iPhoneSimulator.Deploy.0 = Release|x86
		{3263A219-49F5-497E-80E1-50A844F98812}.Ad-Hoc|x64.ActiveCfg = Release|x64
		{3263A219-49F5-497E-80E1-50A844F98812}.Ad-Hoc|x64.Build.0 = Release|x64
		{3263A219-49F5-497E-80E1-50A844F98812}.Ad-Hoc|x64.Deploy.0 = Release|x64
		{3263A219-49F5-497E-80E1-50A844F98812}.Ad-Hoc|x86.ActiveCfg = Release|x86
		{3263A219-49F5-497E-80E1-50A844F98812}.Ad-Hoc|x86.Build.0 = Release|x86
		{3263A219-49F5-497E-80E1-50A844F98812}.Ad-Hoc|x86.Deploy.0 = Release|x86
		{3263A219-49F5-497E-80E1-50A844F98812}.AppStore|Any CPU.ActiveCfg = Release|x86
		{3263A219-49F5-497E-80E1-50A844F98812}.AppStore|Any CPU.Build.0 = Release|x86
		{3263A219-49F5-497E-80E1-50A844F98812}.AppStore|Any CPU.Deploy.0 = Release|x86
		{3263A219-49F5-497E-80E1-50A844F98812}.AppStore|ARM.ActiveCfg = Release|ARM
		{3263A219-49F5-497E-80E1-50A844F98812}.AppStore|ARM.Build.0 = Release|ARM
		{3263A219-49F5-497E-80E1-50A844F98812}.AppStore|ARM.Deploy.0 = Release|ARM
		{3263A219-49F5-497E-80E1-50A844F98812}.AppStore|iPhone.ActiveCfg = Release|x86
		{3263A219-49F5-497E-80E1-50A844F98812}.AppStore|iPhone.Build.0 = Release|x86
		{3263A219-49F5-497E-80E1-50A844F98812}.AppStore|iPhone.Deploy.0 = Release|x86
		{3263A219-49F5-497E-80E1-50A844F98812}.AppStore|iPhoneSimulator.ActiveCfg = Release|x86
		{3263A219-49F5-497E-80E1-50A844F98812}.AppStore|iPhoneSimulator.Build.0 = Release|x86
		{3263A219-49F5-497E-80E1-50A844F98812}.AppStore|iPhoneSimulator.Deploy.0 = Release|x86
		{3263A219-49F5-497E-80E1-50A844F98812}.AppStore|x64.ActiveCfg = Release|x64
		{3263A219-49F5-497E-80E1-50A844F98812}.AppStore|x64.Build.0 = Release|x64
		{3263A219-49F5-497E-80E1-50A844F98812}.AppStore|x64.Deploy.0 = Release|x64
		{3263A219-49F5-497E-80E1-50A844F98812}.AppStore|x86.ActiveCfg = Release|x86
		{3263A219-49F5-497E-80E1-50A844F98812}.AppStore|x86.Build.0 = Release|x86
		{3263A219-49F5-497E-80E1-50A844F98812}.AppStore|x86.Deploy.0 = Release|x86
		{3263A219-49F5-497E-80E1-50A844F98812}.Debug|Any CPU.ActiveCfg = Debug|x86
		{3263A219-49F5-497E-80E1-50A844F98812}.Debug|Any CPU.Build.0 = Debug|x86
		{3263A219-49F5-497E-80E1-50A844F98812}.Debug|Any CPU.Deploy.0 = Debug|x86
		{3263A219-49F5-497E-80E1-50A844F98812}.Debug|ARM.ActiveCfg = Debug|ARM
		{3263A219-49F5-497E-80E1-50A844F98812}.Debug|ARM.Build.0 = Debug|ARM
		{3263A219-49F5-497E-80E1-50A844F98812}.Debug|ARM.Deploy.0 = Debug|ARM
		{3263A219-49F5-497E-80E1-50A844F98812}.Debug|iPhone.ActiveCfg = Debug|x86
		{3263A219-49F5-497E-80E1-50A844F98812}.Debug|iPhoneSimulator.ActiveCfg = Debug|x86
		{3263A219-49F5-497E-80E1-50A844F98812}.Debug|x64.ActiveCfg = Debug|x64
		{3263A219-49F5-497E-80E1-50A844F98812}.Debug|x64.Build.0 = Debug|x64
		{3263A219-49F5-497E-80E1-50A844F98812}.Debug|x64.Deploy.0 = Debug|x64
		{3263A219-49F5-497E-80E1-50A844F98812}.Debug|x86.ActiveCfg = Debug|x86
		{3263A219-49F5-497E-80E1-50A844F98812}.Debug|x86.Build.0 = Debug|x86
		{3263A219-49F5-497E-80E1-50A844F98812}.Debug|x86.Deploy.0 = Debug|x86
		{3263A219-49F5-497E-80E1-50A844F98812}.Release|Any CPU.ActiveCfg = Release|x86
		{3263A219-49F5-497E-80E1-50A844F98812}.Release|ARM.ActiveCfg = Release|ARM
		{3263A219-49F5-497E-80E1-50A844F98812}.Release|ARM.Build.0 = Release|ARM
		{3263A219-49F5-497E-80E1-50A844F98812}.Release|ARM.Deploy.0 = Release|ARM
		{3263A219-49F5-497E-80E1-50A844F98812}.Release|iPhone.ActiveCfg = Release|x86
		{3263A219-49F5-497E-80E1-50A844F98812}.Release|iPhoneSimulator.ActiveCfg = Release|x86
		{3263A219-49F5-497E-80E1-50A844F98812}.Release|x64.ActiveCfg = Release|x64
		{3263A219-49F5-497E-80E1-50A844F98812}.Release|x64.Build.0 = Release|x64
		{3263A219-49F5-497E-80E1-50A844F98812}.Release|x64.Deploy.0 = Release|x64
		{3263A219-49F5-497E-80E1-50A844F98812}.Release|x86.ActiveCfg = Release|x86
		{3263A219-49F5-497E-80E1-50A844F98812}.Release|x86.Build.0 = Release|x86
		{3263A219-49F5-497E-80E1-50A844F98812}.Release|x86.Deploy.0 = Release|x86
	EndGlobalSection
	GlobalSection(SolutionProperties) = preSolution
		HideSolutionNode = FALSE
	EndGlobalSection
EndGlobal
