
Microsoft Visual Studio Solution File, Format Version 12.00
# Visual Studio 14
VisualStudioVersion = 14.0.25420.1
MinimumVisualStudioVersion = 10.0.40219.1
Project("{FAE04EC0-301F-11D3-BF4B-00C04F79EFBC}") = "App1.Droid", "App1\App1.Droid\App1.Droid.csproj", "{23FC5A85-1A56-4A4B-87EA-3ED138F46011}"
EndProject
Project("{FAE04EC0-301F-11D3-BF4B-00C04F79EFBC}") = "App1.iOS", "App1\App1.iOS\App1.iOS.csproj", "{05609641-B2B4-4349-A210-87F3294AB096}"
EndProject
Project("{FAE04EC0-301F-11D3-BF4B-00C04F79EFBC}") = "App1.WinPhone", "App1\App1.WinPhone\App1.WinPhone.csproj", "{739DD830-C7A9-479C-92C1-9A9850EF35C2}"
EndProject
Project("{FAE04EC0-301F-11D3-BF4B-00C04F79EFBC}") = "App1.UWP", "App1\App1.UWP\App1.UWP.csproj", "{682020B7-9A80-49DD-AC50-A112D3C5E65E}"
EndProject
Project("{FAE04EC0-301F-11D3-BF4B-00C04F79EFBC}") = "App1.Windows", "App1\App1.Windows\App1.Windows.csproj", "{2773C35D-3B72-4534-ABB4-C5B67227DCD5}"
EndProject
Project("{FAE04EC0-301F-11D3-BF4B-00C04F79EFBC}") = "App1", "App1\App1\App1.csproj", "{3694E0AA-390D-4B49-B622-A57646AD63A0}"
EndProject
Global
	GlobalSection(SolutionConfigurationPlatforms) = preSolution
		Ad-Hoc|Any CPU = Ad-Hoc|Any CPU
		Ad-Hoc|ARM = Ad-Hoc|ARM
		Ad-Hoc|iPhone = Ad-Hoc|iPhone
		Ad-Hoc|iPhoneSimulator = Ad-Hoc|iPhoneSimulator
		Ad-Hoc|x64 = Ad-Hoc|x64
		Ad-Hoc|x86 = Ad-Hoc|x86
		AppStore|Any CPU = AppStore|Any CPU
		AppStore|ARM = AppStore|ARM
		AppStore|iPhone = AppStore|iPhone
		AppStore|iPhoneSimulator = AppStore|iPhoneSimulator
		AppStore|x64 = AppStore|x64
		AppStore|x86 = AppStore|x86
		Debug|Any CPU = Debug|Any CPU
		Debug|ARM = Debug|ARM
		Debug|iPhone = Debug|iPhone
		Debug|iPhoneSimulator = Debug|iPhoneSimulator
		Debug|x64 = Debug|x64
		Debug|x86 = Debug|x86
		Release|Any CPU = Release|Any CPU
		Release|ARM = Release|ARM
		Release|iPhone = Release|iPhone
		Release|iPhoneSimulator = Release|iPhoneSimulator
		Release|x64 = Release|x64
		Release|x86 = Release|x86
	EndGlobalSection
	GlobalSection(ProjectConfigurationPlatforms) = postSolution
		{23FC5A85-1A56-4A4B-87EA-3ED138F46011}.Ad-Hoc|Any CPU.ActiveCfg = Release|Any CPU
		{23FC5A85-1A56-4A4B-87EA-3ED138F46011}.Ad-Hoc|Any CPU.Build.0 = Release|Any CPU
		{23FC5A85-1A56-4A4B-87EA-3ED138F46011}.Ad-Hoc|Any CPU.Deploy.0 = Release|Any CPU
		{23FC5A85-1A56-4A4B-87EA-3ED138F46011}.Ad-Hoc|ARM.ActiveCfg = Release|Any CPU
		{23FC5A85-1A56-4A4B-87EA-3ED138F46011}.Ad-Hoc|ARM.Build.0 = Release|Any CPU
		{23FC5A85-1A56-4A4B-87EA-3ED138F46011}.Ad-Hoc|ARM.Deploy.0 = Release|Any CPU
		{23FC5A85-1A56-4A4B-87EA-3ED138F46011}.Ad-Hoc|iPhone.ActiveCfg = Release|Any CPU
		{23FC5A85-1A56-4A4B-87EA-3ED138F46011}.Ad-Hoc|iPhone.Build.0 = Release|Any CPU
		{23FC5A85-1A56-4A4B-87EA-3ED138F46011}.Ad-Hoc|iPhone.Deploy.0 = Release|Any CPU
		{23FC5A85-1A56-4A4B-87EA-3ED138F46011}.Ad-Hoc|iPhoneSimulator.ActiveCfg = Release|Any CPU
		{23FC5A85-1A56-4A4B-87EA-3ED138F46011}.Ad-Hoc|iPhoneSimulator.Build.0 = Release|Any CPU
		{23FC5A85-1A56-4A4B-87EA-3ED138F46011}.Ad-Hoc|iPhoneSimulator.Deploy.0 = Release|Any CPU
		{23FC5A85-1A56-4A4B-87EA-3ED138F46011}.Ad-Hoc|x64.ActiveCfg = Release|Any CPU
		{23FC5A85-1A56-4A4B-87EA-3ED138F46011}.Ad-Hoc|x64.Build.0 = Release|Any CPU
		{23FC5A85-1A56-4A4B-87EA-3ED138F46011}.Ad-Hoc|x64.Deploy.0 = Release|Any CPU
		{23FC5A85-1A56-4A4B-87EA-3ED138F46011}.Ad-Hoc|x86.ActiveCfg = Release|Any CPU
		{23FC5A85-1A56-4A4B-87EA-3ED138F46011}.Ad-Hoc|x86.Build.0 = Release|Any CPU
		{23FC5A85-1A56-4A4B-87EA-3ED138F46011}.Ad-Hoc|x86.Deploy.0 = Release|Any CPU
		{23FC5A85-1A56-4A4B-87EA-3ED138F46011}.AppStore|Any CPU.ActiveCfg = Release|Any CPU
		{23FC5A85-1A56-4A4B-87EA-3ED138F46011}.AppStore|Any CPU.Build.0 = Release|Any CPU
		{23FC5A85-1A56-4A4B-87EA-3ED138F46011}.AppStore|Any CPU.Deploy.0 = Release|Any CPU
		{23FC5A85-1A56-4A4B-87EA-3ED138F46011}.AppStore|ARM.ActiveCfg = Release|Any CPU
		{23FC5A85-1A56-4A4B-87EA-3ED138F46011}.AppStore|ARM.Build.0 = Release|Any CPU
		{23FC5A85-1A56-4A4B-87EA-3ED138F46011}.AppStore|ARM.Deploy.0 = Release|Any CPU
		{23FC5A85-1A56-4A4B-87EA-3ED138F46011}.AppStore|iPhone.ActiveCfg = Release|Any CPU
		{23FC5A85-1A56-4A4B-87EA-3ED138F46011}.AppStore|iPhone.Build.0 = Release|Any CPU
		{23FC5A85-1A56-4A4B-87EA-3ED138F46011}.AppStore|iPhone.Deploy.0 = Release|Any CPU
		{23FC5A85-1A56-4A4B-87EA-3ED138F46011}.AppStore|iPhoneSimulator.ActiveCfg = Release|Any CPU
		{23FC5A85-1A56-4A4B-87EA-3ED138F46011}.AppStore|iPhoneSimulator.Build.0 = Release|Any CPU
		{23FC5A85-1A56-4A4B-87EA-3ED138F46011}.AppStore|iPhoneSimulator.Deploy.0 = Release|Any CPU
		{23FC5A85-1A56-4A4B-87EA-3ED138F46011}.AppStore|x64.ActiveCfg = Release|Any CPU
		{23FC5A85-1A56-4A4B-87EA-3ED138F46011}.AppStore|x64.Build.0 = Release|Any CPU
		{23FC5A85-1A56-4A4B-87EA-3ED138F46011}.AppStore|x64.Deploy.0 = Release|Any CPU
		{23FC5A85-1A56-4A4B-87EA-3ED138F46011}.AppStore|x86.ActiveCfg = Release|Any CPU
		{23FC5A85-1A56-4A4B-87EA-3ED138F46011}.AppStore|x86.Build.0 = Release|Any CPU
		{23FC5A85-1A56-4A4B-87EA-3ED138F46011}.AppStore|x86.Deploy.0 = Release|Any CPU
		{23FC5A85-1A56-4A4B-87EA-3ED138F46011}.Debug|Any CPU.ActiveCfg = Debug|Any CPU
		{23FC5A85-1A56-4A4B-87EA-3ED138F46011}.Debug|Any CPU.Build.0 = Debug|Any CPU
		{23FC5A85-1A56-4A4B-87EA-3ED138F46011}.Debug|Any CPU.Deploy.0 = Debug|Any CPU
		{23FC5A85-1A56-4A4B-87EA-3ED138F46011}.Debug|ARM.ActiveCfg = Debug|Any CPU
		{23FC5A85-1A56-4A4B-87EA-3ED138F46011}.Debug|ARM.Build.0 = Debug|Any CPU
		{23FC5A85-1A56-4A4B-87EA-3ED138F46011}.Debug|ARM.Deploy.0 = Debug|Any CPU
		{23FC5A85-1A56-4A4B-87EA-3ED138F46011}.Debug|iPhone.ActiveCfg = Debug|Any CPU
		{23FC5A85-1A56-4A4B-87EA-3ED138F46011}.Debug|iPhone.Build.0 = Debug|Any CPU
		{23FC5A85-1A56-4A4B-87EA-3ED138F46011}.Debug|iPhone.Deploy.0 = Debug|Any CPU
		{23FC5A85-1A56-4A4B-87EA-3ED138F46011}.Debug|iPhoneSimulator.ActiveCfg = Debug|Any CPU
		{23FC5A85-1A56-4A4B-87EA-3ED138F46011}.Debug|iPhoneSimulator.Build.0 = Debug|Any CPU
		{23FC5A85-1A56-4A4B-87EA-3ED138F46011}.Debug|iPhoneSimulator.Deploy.0 = Debug|Any CPU
		{23FC5A85-1A56-4A4B-87EA-3ED138F46011}.Debug|x64.ActiveCfg = Debug|Any CPU
		{23FC5A85-1A56-4A4B-87EA-3ED138F46011}.Debug|x64.Build.0 = Debug|Any CPU
		{23FC5A85-1A56-4A4B-87EA-3ED138F46011}.Debug|x64.Deploy.0 = Debug|Any CPU
		{23FC5A85-1A56-4A4B-87EA-3ED138F46011}.Debug|x86.ActiveCfg = Debug|Any CPU
		{23FC5A85-1A56-4A4B-87EA-3ED138F46011}.Debug|x86.Build.0 = Debug|Any CPU
		{23FC5A85-1A56-4A4B-87EA-3ED138F46011}.Debug|x86.Deploy.0 = Debug|Any CPU
		{23FC5A85-1A56-4A4B-87EA-3ED138F46011}.Release|Any CPU.ActiveCfg = Release|Any CPU
		{23FC5A85-1A56-4A4B-87EA-3ED138F46011}.Release|Any CPU.Build.0 = Release|Any CPU
		{23FC5A85-1A56-4A4B-87EA-3ED138F46011}.Release|Any CPU.Deploy.0 = Release|Any CPU
		{23FC5A85-1A56-4A4B-87EA-3ED138F46011}.Release|ARM.ActiveCfg = Release|Any CPU
		{23FC5A85-1A56-4A4B-87EA-3ED138F46011}.Release|ARM.Build.0 = Release|Any CPU
		{23FC5A85-1A56-4A4B-87EA-3ED138F46011}.Release|ARM.Deploy.0 = Release|Any CPU
		{23FC5A85-1A56-4A4B-87EA-3ED138F46011}.Release|iPhone.ActiveCfg = Release|Any CPU
		{23FC5A85-1A56-4A4B-87EA-3ED138F46011}.Release|iPhone.Build.0 = Release|Any CPU
		{23FC5A85-1A56-4A4B-87EA-3ED138F46011}.Release|iPhone.Deploy.0 = Release|Any CPU
		{23FC5A85-1A56-4A4B-87EA-3ED138F46011}.Release|iPhoneSimulator.ActiveCfg = Release|Any CPU
		{23FC5A85-1A56-4A4B-87EA-3ED138F46011}.Release|iPhoneSimulator.Build.0 = Release|Any CPU
		{23FC5A85-1A56-4A4B-87EA-3ED138F46011}.Release|iPhoneSimulator.Deploy.0 = Release|Any CPU
		{23FC5A85-1A56-4A4B-87EA-3ED138F46011}.Release|x64.ActiveCfg = Release|Any CPU
		{23FC5A85-1A56-4A4B-87EA-3ED138F46011}.Release|x64.Build.0 = Release|Any CPU
		{23FC5A85-1A56-4A4B-87EA-3ED138F46011}.Release|x64.Deploy.0 = Release|Any CPU
		{23FC5A85-1A56-4A4B-87EA-3ED138F46011}.Release|x86.ActiveCfg = Release|Any CPU
		{23FC5A85-1A56-4A4B-87EA-3ED138F46011}.Release|x86.Build.0 = Release|Any CPU
		{23FC5A85-1A56-4A4B-87EA-3ED138F46011}.Release|x86.Deploy.0 = Release|Any CPU
		{05609641-B2B4-4349-A210-87F3294AB096}.Ad-Hoc|Any CPU.ActiveCfg = Ad-Hoc|iPhone
		{05609641-B2B4-4349-A210-87F3294AB096}.Ad-Hoc|ARM.ActiveCfg = Ad-Hoc|iPhone
		{05609641-B2B4-4349-A210-87F3294AB096}.Ad-Hoc|iPhone.ActiveCfg = Ad-Hoc|iPhone
		{05609641-B2B4-4349-A210-87F3294AB096}.Ad-Hoc|iPhone.Build.0 = Ad-Hoc|iPhone
		{05609641-B2B4-4349-A210-87F3294AB096}.Ad-Hoc|iPhoneSimulator.ActiveCfg = Ad-Hoc|iPhoneSimulator
		{05609641-B2B4-4349-A210-87F3294AB096}.Ad-Hoc|iPhoneSimulator.Build.0 = Ad-Hoc|iPhoneSimulator
		{05609641-B2B4-4349-A210-87F3294AB096}.Ad-Hoc|x64.ActiveCfg = Ad-Hoc|iPhone
		{05609641-B2B4-4349-A210-87F3294AB096}.Ad-Hoc|x86.ActiveCfg = Ad-Hoc|iPhone
		{05609641-B2B4-4349-A210-87F3294AB096}.AppStore|Any CPU.ActiveCfg = AppStore|iPhone
		{05609641-B2B4-4349-A210-87F3294AB096}.AppStore|ARM.ActiveCfg = AppStore|iPhone
		{05609641-B2B4-4349-A210-87F3294AB096}.AppStore|iPhone.ActiveCfg = AppStore|iPhone
		{05609641-B2B4-4349-A210-87F3294AB096}.AppStore|iPhone.Build.0 = AppStore|iPhone
		{05609641-B2B4-4349-A210-87F3294AB096}.AppStore|iPhoneSimulator.ActiveCfg = AppStore|iPhoneSimulator
		{05609641-B2B4-4349-A210-87F3294AB096}.AppStore|iPhoneSimulator.Build.0 = AppStore|iPhoneSimulator
		{05609641-B2B4-4349-A210-87F3294AB096}.AppStore|x64.ActiveCfg = AppStore|iPhone
		{05609641-B2B4-4349-A210-87F3294AB096}.AppStore|x86.ActiveCfg = AppStore|iPhone
		{05609641-B2B4-4349-A210-87F3294AB096}.Debug|Any CPU.ActiveCfg = Debug|iPhone
		{05609641-B2B4-4349-A210-87F3294AB096}.Debug|ARM.ActiveCfg = Debug|iPhone
		{05609641-B2B4-4349-A210-87F3294AB096}.Debug|iPhone.ActiveCfg = Debug|iPhone
		{05609641-B2B4-4349-A210-87F3294AB096}.Debug|iPhone.Build.0 = Debug|iPhone
		{05609641-B2B4-4349-A210-87F3294AB096}.Debug|iPhoneSimulator.ActiveCfg = Debug|iPhoneSimulator
		{05609641-B2B4-4349-A210-87F3294AB096}.Debug|iPhoneSimulator.Build.0 = Debug|iPhoneSimulator
		{05609641-B2B4-4349-A210-87F3294AB096}.Debug|x64.ActiveCfg = Debug|iPhone
		{05609641-B2B4-4349-A210-87F3294AB096}.Debug|x86.ActiveCfg = Debug|iPhone
		{05609641-B2B4-4349-A210-87F3294AB096}.Release|Any CPU.ActiveCfg = Release|iPhone
		{05609641-B2B4-4349-A210-87F3294AB096}.Release|ARM.ActiveCfg = Release|iPhone
		{05609641-B2B4-4349-A210-87F3294AB096}.Release|iPhone.ActiveCfg = Release|iPhone
		{05609641-B2B4-4349-A210-87F3294AB096}.Release|iPhone.Build.0 = Release|iPhone
		{05609641-B2B4-4349-A210-87F3294AB096}.Release|iPhoneSimulator.ActiveCfg = Release|iPhoneSimulator
		{05609641-B2B4-4349-A210-87F3294AB096}.Release|iPhoneSimulator.Build.0 = Release|iPhoneSimulator
		{05609641-B2B4-4349-A210-87F3294AB096}.Release|x64.ActiveCfg = Release|iPhone
		{05609641-B2B4-4349-A210-87F3294AB096}.Release|x86.ActiveCfg = Release|iPhone
		{739DD830-C7A9-479C-92C1-9A9850EF35C2}.Ad-Hoc|Any CPU.ActiveCfg = Release|Any CPU
		{739DD830-C7A9-479C-92C1-9A9850EF35C2}.Ad-Hoc|Any CPU.Build.0 = Release|Any CPU
		{739DD830-C7A9-479C-92C1-9A9850EF35C2}.Ad-Hoc|Any CPU.Deploy.0 = Release|Any CPU
		{739DD830-C7A9-479C-92C1-9A9850EF35C2}.Ad-Hoc|ARM.ActiveCfg = Release|ARM
		{739DD830-C7A9-479C-92C1-9A9850EF35C2}.Ad-Hoc|ARM.Build.0 = Release|ARM
		{739DD830-C7A9-479C-92C1-9A9850EF35C2}.Ad-Hoc|ARM.Deploy.0 = Release|ARM
		{739DD830-C7A9-479C-92C1-9A9850EF35C2}.Ad-Hoc|iPhone.ActiveCfg = Release|Any CPU
		{739DD830-C7A9-479C-92C1-9A9850EF35C2}.Ad-Hoc|iPhone.Build.0 = Release|Any CPU
		{739DD830-C7A9-479C-92C1-9A9850EF35C2}.Ad-Hoc|iPhone.Deploy.0 = Release|Any CPU
		{739DD830-C7A9-479C-92C1-9A9850EF35C2}.Ad-Hoc|iPhoneSimulator.ActiveCfg = Release|Any CPU
		{739DD830-C7A9-479C-92C1-9A9850EF35C2}.Ad-Hoc|iPhoneSimulator.Build.0 = Release|Any CPU
		{739DD830-C7A9-479C-92C1-9A9850EF35C2}.Ad-Hoc|iPhoneSimulator.Deploy.0 = Release|Any CPU
		{739DD830-C7A9-479C-92C1-9A9850EF35C2}.Ad-Hoc|x64.ActiveCfg = Release|Any CPU
		{739DD830-C7A9-479C-92C1-9A9850EF35C2}.Ad-Hoc|x64.Build.0 = Release|Any CPU
		{739DD830-C7A9-479C-92C1-9A9850EF35C2}.Ad-Hoc|x64.Deploy.0 = Release|Any CPU
		{739DD830-C7A9-479C-92C1-9A9850EF35C2}.Ad-Hoc|x86.ActiveCfg = Release|x86
		{739DD830-C7A9-479C-92C1-9A9850EF35C2}.Ad-Hoc|x86.Build.0 = Release|x86
		{739DD830-C7A9-479C-92C1-9A9850EF35C2}.Ad-Hoc|x86.Deploy.0 = Release|x86
		{739DD830-C7A9-479C-92C1-9A9850EF35C2}.AppStore|Any CPU.ActiveCfg = Release|Any CPU
		{739DD830-C7A9-479C-92C1-9A9850EF35C2}.AppStore|Any CPU.Build.0 = Release|Any CPU
		{739DD830-C7A9-479C-92C1-9A9850EF35C2}.AppStore|Any CPU.Deploy.0 = Release|Any CPU
		{739DD830-C7A9-479C-92C1-9A9850EF35C2}.AppStore|ARM.ActiveCfg = Release|ARM
		{739DD830-C7A9-479C-92C1-9A9850EF35C2}.AppStore|ARM.Build.0 = Release|ARM
		{739DD830-C7A9-479C-92C1-9A9850EF35C2}.AppStore|ARM.Deploy.0 = Release|ARM
		{739DD830-C7A9-479C-92C1-9A9850EF35C2}.AppStore|iPhone.ActiveCfg = Release|Any CPU
		{739DD830-C7A9-479C-92C1-9A9850EF35C2}.AppStore|iPhone.Build.0 = Release|Any CPU
		{739DD830-C7A9-479C-92C1-9A9850EF35C2}.AppStore|iPhone.Deploy.0 = Release|Any CPU
		{739DD830-C7A9-479C-92C1-9A9850EF35C2}.AppStore|iPhoneSimulator.ActiveCfg = Release|Any CPU
		{739DD830-C7A9-479C-92C1-9A9850EF35C2}.AppStore|iPhoneSimulator.Build.0 = Release|Any CPU
		{739DD830-C7A9-479C-92C1-9A9850EF35C2}.AppStore|iPhoneSimulator.Deploy.0 = Release|Any CPU
		{739DD830-C7A9-479C-92C1-9A9850EF35C2}.AppStore|x64.ActiveCfg = Release|Any CPU
		{739DD830-C7A9-479C-92C1-9A9850EF35C2}.AppStore|x64.Build.0 = Release|Any CPU
		{739DD830-C7A9-479C-92C1-9A9850EF35C2}.AppStore|x64.Deploy.0 = Release|Any CPU
		{739DD830-C7A9-479C-92C1-9A9850EF35C2}.AppStore|x86.ActiveCfg = Release|x86
		{739DD830-C7A9-479C-92C1-9A9850EF35C2}.AppStore|x86.Build.0 = Release|x86
		{739DD830-C7A9-479C-92C1-9A9850EF35C2}.AppStore|x86.Deploy.0 = Release|x86
		{739DD830-C7A9-479C-92C1-9A9850EF35C2}.Debug|Any CPU.ActiveCfg = Debug|Any CPU
		{739DD830-C7A9-479C-92C1-9A9850EF35C2}.Debug|Any CPU.Build.0 = Debug|Any CPU
		{739DD830-C7A9-479C-92C1-9A9850EF35C2}.Debug|Any CPU.Deploy.0 = Debug|Any CPU
		{739DD830-C7A9-479C-92C1-9A9850EF35C2}.Debug|ARM.ActiveCfg = Debug|ARM
		{739DD830-C7A9-479C-92C1-9A9850EF35C2}.Debug|ARM.Build.0 = Debug|ARM
		{739DD830-C7A9-479C-92C1-9A9850EF35C2}.Debug|ARM.Deploy.0 = Debug|ARM
		{739DD830-C7A9-479C-92C1-9A9850EF35C2}.Debug|iPhone.ActiveCfg = Debug|Any CPU
		{739DD830-C7A9-479C-92C1-9A9850EF35C2}.Debug|iPhone.Build.0 = Debug|Any CPU
		{739DD830-C7A9-479C-92C1-9A9850EF35C2}.Debug|iPhone.Deploy.0 = Debug|Any CPU
		{739DD830-C7A9-479C-92C1-9A9850EF35C2}.Debug|iPhoneSimulator.ActiveCfg = Debug|Any CPU
		{739DD830-C7A9-479C-92C1-9A9850EF35C2}.Debug|iPhoneSimulator.Build.0 = Debug|Any CPU
		{739DD830-C7A9-479C-92C1-9A9850EF35C2}.Debug|iPhoneSimulator.Deploy.0 = Debug|Any CPU
		{739DD830-C7A9-479C-92C1-9A9850EF35C2}.Debug|x64.ActiveCfg = Debug|Any CPU
		{739DD830-C7A9-479C-92C1-9A9850EF35C2}.Debug|x64.Build.0 = Debug|Any CPU
		{739DD830-C7A9-479C-92C1-9A9850EF35C2}.Debug|x64.Deploy.0 = Debug|Any CPU
		{739DD830-C7A9-479C-92C1-9A9850EF35C2}.Debug|x86.ActiveCfg = Debug|x86
		{739DD830-C7A9-479C-92C1-9A9850EF35C2}.Debug|x86.Build.0 = Debug|x86
		{739DD830-C7A9-479C-92C1-9A9850EF35C2}.Debug|x86.Deploy.0 = Debug|x86
		{739DD830-C7A9-479C-92C1-9A9850EF35C2}.Release|Any CPU.ActiveCfg = Release|Any CPU
		{739DD830-C7A9-479C-92C1-9A9850EF35C2}.Release|Any CPU.Build.0 = Release|Any CPU
		{739DD830-C7A9-479C-92C1-9A9850EF35C2}.Release|Any CPU.Deploy.0 = Release|Any CPU
		{739DD830-C7A9-479C-92C1-9A9850EF35C2}.Release|ARM.ActiveCfg = Release|ARM
		{739DD830-C7A9-479C-92C1-9A9850EF35C2}.Release|ARM.Build.0 = Release|ARM
		{739DD830-C7A9-479C-92C1-9A9850EF35C2}.Release|ARM.Deploy.0 = Release|ARM
		{739DD830-C7A9-479C-92C1-9A9850EF35C2}.Release|iPhone.ActiveCfg = Release|Any CPU
		{739DD830-C7A9-479C-92C1-9A9850EF35C2}.Release|iPhone.Build.0 = Release|Any CPU
		{739DD830-C7A9-479C-92C1-9A9850EF35C2}.Release|iPhone.Deploy.0 = Release|Any CPU
		{739DD830-C7A9-479C-92C1-9A9850EF35C2}.Release|iPhoneSimulator.ActiveCfg = Release|Any CPU
		{739DD830-C7A9-479C-92C1-9A9850EF35C2}.Release|iPhoneSimulator.Build.0 = Release|Any CPU
		{739DD830-C7A9-479C-92C1-9A9850EF35C2}.Release|iPhoneSimulator.Deploy.0 = Release|Any CPU
		{739DD830-C7A9-479C-92C1-9A9850EF35C2}.Release|x64.ActiveCfg = Release|Any CPU
		{739DD830-C7A9-479C-92C1-9A9850EF35C2}.Release|x64.Build.0 = Release|Any CPU
		{739DD830-C7A9-479C-92C1-9A9850EF35C2}.Release|x64.Deploy.0 = Release|Any CPU
		{739DD830-C7A9-479C-92C1-9A9850EF35C2}.Release|x86.ActiveCfg = Release|x86
		{739DD830-C7A9-479C-92C1-9A9850EF35C2}.Release|x86.Build.0 = Release|x86
		{739DD830-C7A9-479C-92C1-9A9850EF35C2}.Release|x86.Deploy.0 = Release|x86
		{682020B7-9A80-49DD-AC50-A112D3C5E65E}.Ad-Hoc|Any CPU.ActiveCfg = Release|x86
		{682020B7-9A80-49DD-AC50-A112D3C5E65E}.Ad-Hoc|Any CPU.Build.0 = Release|x86
		{682020B7-9A80-49DD-AC50-A112D3C5E65E}.Ad-Hoc|Any CPU.Deploy.0 = Release|x86
		{682020B7-9A80-49DD-AC50-A112D3C5E65E}.Ad-Hoc|ARM.ActiveCfg = Release|ARM
		{682020B7-9A80-49DD-AC50-A112D3C5E65E}.Ad-Hoc|ARM.Build.0 = Release|ARM
		{682020B7-9A80-49DD-AC50-A112D3C5E65E}.Ad-Hoc|ARM.Deploy.0 = Release|ARM
		{682020B7-9A80-49DD-AC50-A112D3C5E65E}.Ad-Hoc|iPhone.ActiveCfg = Release|x86
		{682020B7-9A80-49DD-AC50-A112D3C5E65E}.Ad-Hoc|iPhone.Build.0 = Release|x86
		{682020B7-9A80-49DD-AC50-A112D3C5E65E}.Ad-Hoc|iPhone.Deploy.0 = Release|x86
		{682020B7-9A80-49DD-AC50-A112D3C5E65E}.Ad-Hoc|iPhoneSimulator.ActiveCfg = Release|x86
		{682020B7-9A80-49DD-AC50-A112D3C5E65E}.Ad-Hoc|iPhoneSimulator.Build.0 = Release|x86
		{682020B7-9A80-49DD-AC50-A112D3C5E65E}.Ad-Hoc|iPhoneSimulator.Deploy.0 = Release|x86
		{682020B7-9A80-49DD-AC50-A112D3C5E65E}.Ad-Hoc|x64.ActiveCfg = Release|x64
		{682020B7-9A80-49DD-AC50-A112D3C5E65E}.Ad-Hoc|x64.Build.0 = Release|x64
		{682020B7-9A80-49DD-AC50-A112D3C5E65E}.Ad-Hoc|x64.Deploy.0 = Release|x64
		{682020B7-9A80-49DD-AC50-A112D3C5E65E}.Ad-Hoc|x86.ActiveCfg = Release|x86
		{682020B7-9A80-49DD-AC50-A112D3C5E65E}.Ad-Hoc|x86.Build.0 = Release|x86
		{682020B7-9A80-49DD-AC50-A112D3C5E65E}.Ad-Hoc|x86.Deploy.0 = Release|x86
		{682020B7-9A80-49DD-AC50-A112D3C5E65E}.AppStore|Any CPU.ActiveCfg = Release|x86
		{682020B7-9A80-49DD-AC50-A112D3C5E65E}.AppStore|Any CPU.Build.0 = Release|x86
		{682020B7-9A80-49DD-AC50-A112D3C5E65E}.AppStore|Any CPU.Deploy.0 = Release|x86
		{682020B7-9A80-49DD-AC50-A112D3C5E65E}.AppStore|ARM.ActiveCfg = Release|ARM
		{682020B7-9A80-49DD-AC50-A112D3C5E65E}.AppStore|ARM.Build.0 = Release|ARM
		{682020B7-9A80-49DD-AC50-A112D3C5E65E}.AppStore|ARM.Deploy.0 = Release|ARM
		{682020B7-9A80-49DD-AC50-A112D3C5E65E}.AppStore|iPhone.ActiveCfg = Release|x86
		{682020B7-9A80-49DD-AC50-A112D3C5E65E}.AppStore|iPhone.Build.0 = Release|x86
		{682020B7-9A80-49DD-AC50-A112D3C5E65E}.AppStore|iPhone.Deploy.0 = Release|x86
		{682020B7-9A80-49DD-AC50-A112D3C5E65E}.AppStore|iPhoneSimulator.ActiveCfg = Release|x86
		{682020B7-9A80-49DD-AC50-A112D3C5E65E}.AppStore|iPhoneSimulator.Build.0 = Release|x86
		{682020B7-9A80-49DD-AC50-A112D3C5E65E}.AppStore|iPhoneSimulator.Deploy.0 = Release|x86
		{682020B7-9A80-49DD-AC50-A112D3C5E65E}.AppStore|x64.ActiveCfg = Release|x64
		{682020B7-9A80-49DD-AC50-A112D3C5E65E}.AppStore|x64.Build.0 = Release|x64
		{682020B7-9A80-49DD-AC50-A112D3C5E65E}.AppStore|x64.Deploy.0 = Release|x64
		{682020B7-9A80-49DD-AC50-A112D3C5E65E}.AppStore|x86.ActiveCfg = Release|x86
		{682020B7-9A80-49DD-AC50-A112D3C5E65E}.AppStore|x86.Build.0 = Release|x86
		{682020B7-9A80-49DD-AC50-A112D3C5E65E}.AppStore|x86.Deploy.0 = Release|x86
		{682020B7-9A80-49DD-AC50-A112D3C5E65E}.Debug|Any CPU.ActiveCfg = Debug|x86
		{682020B7-9A80-49DD-AC50-A112D3C5E65E}.Debug|Any CPU.Build.0 = Debug|x86
		{682020B7-9A80-49DD-AC50-A112D3C5E65E}.Debug|Any CPU.Deploy.0 = Debug|x86
		{682020B7-9A80-49DD-AC50-A112D3C5E65E}.Debug|ARM.ActiveCfg = Debug|ARM
		{682020B7-9A80-49DD-AC50-A112D3C5E65E}.Debug|ARM.Build.0 = Debug|ARM
		{682020B7-9A80-49DD-AC50-A112D3C5E65E}.Debug|ARM.Deploy.0 = Debug|ARM
		{682020B7-9A80-49DD-AC50-A112D3C5E65E}.Debug|iPhone.ActiveCfg = Debug|x86
		{682020B7-9A80-49DD-AC50-A112D3C5E65E}.Debug|iPhoneSimulator.ActiveCfg = Debug|x86
		{682020B7-9A80-49DD-AC50-A112D3C5E65E}.Debug|x64.ActiveCfg = Debug|x64
		{682020B7-9A80-49DD-AC50-A112D3C5E65E}.Debug|x64.Build.0 = Debug|x64
		{682020B7-9A80-49DD-AC50-A112D3C5E65E}.Debug|x64.Deploy.0 = Debug|x64
		{682020B7-9A80-49DD-AC50-A112D3C5E65E}.Debug|x86.ActiveCfg = Debug|x86
		{682020B7-9A80-49DD-AC50-A112D3C5E65E}.Debug|x86.Build.0 = Debug|x86
		{682020B7-9A80-49DD-AC50-A112D3C5E65E}.Debug|x86.Deploy.0 = Debug|x86
		{682020B7-9A80-49DD-AC50-A112D3C5E65E}.Release|Any CPU.ActiveCfg = Release|x86
		{682020B7-9A80-49DD-AC50-A112D3C5E65E}.Release|ARM.ActiveCfg = Release|ARM
		{682020B7-9A80-49DD-AC50-A112D3C5E65E}.Release|ARM.Build.0 = Release|ARM
		{682020B7-9A80-49DD-AC50-A112D3C5E65E}.Release|ARM.Deploy.0 = Release|ARM
		{682020B7-9A80-49DD-AC50-A112D3C5E65E}.Release|iPhone.ActiveCfg = Release|x86
		{682020B7-9A80-49DD-AC50-A112D3C5E65E}.Release|iPhoneSimulator.ActiveCfg = Release|x86
		{682020B7-9A80-49DD-AC50-A112D3C5E65E}.Release|x64.ActiveCfg = Release|x64
		{682020B7-9A80-49DD-AC50-A112D3C5E65E}.Release|x64.Build.0 = Release|x64
		{682020B7-9A80-49DD-AC50-A112D3C5E65E}.Release|x64.Deploy.0 = Release|x64
		{682020B7-9A80-49DD-AC50-A112D3C5E65E}.Release|x86.ActiveCfg = Release|x86
		{682020B7-9A80-49DD-AC50-A112D3C5E65E}.Release|x86.Build.0 = Release|x86
		{682020B7-9A80-49DD-AC50-A112D3C5E65E}.Release|x86.Deploy.0 = Release|x86
		{2773C35D-3B72-4534-ABB4-C5B67227DCD5}.Ad-Hoc|Any CPU.ActiveCfg = Release|Any CPU
		{2773C35D-3B72-4534-ABB4-C5B67227DCD5}.Ad-Hoc|Any CPU.Build.0 = Release|Any CPU
		{2773C35D-3B72-4534-ABB4-C5B67227DCD5}.Ad-Hoc|Any CPU.Deploy.0 = Release|Any CPU
		{2773C35D-3B72-4534-ABB4-C5B67227DCD5}.Ad-Hoc|ARM.ActiveCfg = Release|ARM
		{2773C35D-3B72-4534-ABB4-C5B67227DCD5}.Ad-Hoc|ARM.Build.0 = Release|ARM
		{2773C35D-3B72-4534-ABB4-C5B67227DCD5}.Ad-Hoc|ARM.Deploy.0 = Release|ARM
		{2773C35D-3B72-4534-ABB4-C5B67227DCD5}.Ad-Hoc|iPhone.ActiveCfg = Release|Any CPU
		{2773C35D-3B72-4534-ABB4-C5B67227DCD5}.Ad-Hoc|iPhone.Build.0 = Release|Any CPU
		{2773C35D-3B72-4534-ABB4-C5B67227DCD5}.Ad-Hoc|iPhone.Deploy.0 = Release|Any CPU
		{2773C35D-3B72-4534-ABB4-C5B67227DCD5}.Ad-Hoc|iPhoneSimulator.ActiveCfg = Release|Any CPU
		{2773C35D-3B72-4534-ABB4-C5B67227DCD5}.Ad-Hoc|iPhoneSimulator.Build.0 = Release|Any CPU
		{2773C35D-3B72-4534-ABB4-C5B67227DCD5}.Ad-Hoc|iPhoneSimulator.Deploy.0 = Release|Any CPU
		{2773C35D-3B72-4534-ABB4-C5B67227DCD5}.Ad-Hoc|x64.ActiveCfg = Release|x64
		{2773C35D-3B72-4534-ABB4-C5B67227DCD5}.Ad-Hoc|x64.Build.0 = Release|x64
		{2773C35D-3B72-4534-ABB4-C5B67227DCD5}.Ad-Hoc|x64.Deploy.0 = Release|x64
		{2773C35D-3B72-4534-ABB4-C5B67227DCD5}.Ad-Hoc|x86.ActiveCfg = Release|x86
		{2773C35D-3B72-4534-ABB4-C5B67227DCD5}.Ad-Hoc|x86.Build.0 = Release|x86
		{2773C35D-3B72-4534-ABB4-C5B67227DCD5}.Ad-Hoc|x86.Deploy.0 = Release|x86
		{2773C35D-3B72-4534-ABB4-C5B67227DCD5}.AppStore|Any CPU.ActiveCfg = Release|Any CPU
		{2773C35D-3B72-4534-ABB4-C5B67227DCD5}.AppStore|Any CPU.Build.0 = Release|Any CPU
		{2773C35D-3B72-4534-ABB4-C5B67227DCD5}.AppStore|Any CPU.Deploy.0 = Release|Any CPU
		{2773C35D-3B72-4534-ABB4-C5B67227DCD5}.AppStore|ARM.ActiveCfg = Release|ARM
		{2773C35D-3B72-4534-ABB4-C5B67227DCD5}.AppStore|ARM.Build.0 = Release|ARM
		{2773C35D-3B72-4534-ABB4-C5B67227DCD5}.AppStore|ARM.Deploy.0 = Release|ARM
		{2773C35D-3B72-4534-ABB4-C5B67227DCD5}.AppStore|iPhone.ActiveCfg = Release|Any CPU
		{2773C35D-3B72-4534-ABB4-C5B67227DCD5}.AppStore|iPhone.Build.0 = Release|Any CPU
		{2773C35D-3B72-4534-ABB4-C5B67227DCD5}.AppStore|iPhone.Deploy.0 = Release|Any CPU
		{2773C35D-3B72-4534-ABB4-C5B67227DCD5}.AppStore|iPhoneSimulator.ActiveCfg = Release|Any CPU
		{2773C35D-3B72-4534-ABB4-C5B67227DCD5}.AppStore|iPhoneSimulator.Build.0 = Release|Any CPU
		{2773C35D-3B72-4534-ABB4-C5B67227DCD5}.AppStore|iPhoneSimulator.Deploy.0 = Release|Any CPU
		{2773C35D-3B72-4534-ABB4-C5B67227DCD5}.AppStore|x64.ActiveCfg = Release|x64
		{2773C35D-3B72-4534-ABB4-C5B67227DCD5}.AppStore|x64.Build.0 = Release|x64
		{2773C35D-3B72-4534-ABB4-C5B67227DCD5}.AppStore|x64.Deploy.0 = Release|x64
		{2773C35D-3B72-4534-ABB4-C5B67227DCD5}.AppStore|x86.ActiveCfg = Release|x86
		{2773C35D-3B72-4534-ABB4-C5B67227DCD5}.AppStore|x86.Build.0 = Release|x86
		{2773C35D-3B72-4534-ABB4-C5B67227DCD5}.AppStore|x86.Deploy.0 = Release|x86
		{2773C35D-3B72-4534-ABB4-C5B67227DCD5}.Debug|Any CPU.ActiveCfg = Debug|Any CPU
		{2773C35D-3B72-4534-ABB4-C5B67227DCD5}.Debug|Any CPU.Build.0 = Debug|Any CPU
		{2773C35D-3B72-4534-ABB4-C5B67227DCD5}.Debug|Any CPU.Deploy.0 = Debug|Any CPU
		{2773C35D-3B72-4534-ABB4-C5B67227DCD5}.Debug|ARM.ActiveCfg = Debug|ARM
		{2773C35D-3B72-4534-ABB4-C5B67227DCD5}.Debug|ARM.Build.0 = Debug|ARM
		{2773C35D-3B72-4534-ABB4-C5B67227DCD5}.Debug|ARM.Deploy.0 = Debug|ARM
		{2773C35D-3B72-4534-ABB4-C5B67227DCD5}.Debug|iPhone.ActiveCfg = Debug|Any CPU
		{2773C35D-3B72-4534-ABB4-C5B67227DCD5}.Debug|iPhone.Build.0 = Debug|Any CPU
		{2773C35D-3B72-4534-ABB4-C5B67227DCD5}.Debug|iPhone.Deploy.0 = Debug|Any CPU
		{2773C35D-3B72-4534-ABB4-C5B67227DCD5}.Debug|iPhoneSimulator.ActiveCfg = Debug|Any CPU
		{2773C35D-3B72-4534-ABB4-C5B67227DCD5}.Debug|iPhoneSimulator.Build.0 = Debug|Any CPU
		{2773C35D-3B72-4534-ABB4-C5B67227DCD5}.Debug|iPhoneSimulator.Deploy.0 = Debug|Any CPU
		{2773C35D-3B72-4534-ABB4-C5B67227DCD5}.Debug|x64.ActiveCfg = Debug|x64
		{2773C35D-3B72-4534-ABB4-C5B67227DCD5}.Debug|x64.Build.0 = Debug|x64
		{2773C35D-3B72-4534-ABB4-C5B67227DCD5}.Debug|x64.Deploy.0 = Debug|x64
		{2773C35D-3B72-4534-ABB4-C5B67227DCD5}.Debug|x86.ActiveCfg = Debug|x86
		{2773C35D-3B72-4534-ABB4-C5B67227DCD5}.Debug|x86.Build.0 = Debug|x86
		{2773C35D-3B72-4534-ABB4-C5B67227DCD5}.Debug|x86.Deploy.0 = Debug|x86
		{2773C35D-3B72-4534-ABB4-C5B67227DCD5}.Release|Any CPU.ActiveCfg = Release|Any CPU
		{2773C35D-3B72-4534-ABB4-C5B67227DCD5}.Release|Any CPU.Build.0 = Release|Any CPU
		{2773C35D-3B72-4534-ABB4-C5B67227DCD5}.Release|Any CPU.Deploy.0 = Release|Any CPU
		{2773C35D-3B72-4534-ABB4-C5B67227DCD5}.Release|ARM.ActiveCfg = Release|ARM
		{2773C35D-3B72-4534-ABB4-C5B67227DCD5}.Release|ARM.Build.0 = Release|ARM
		{2773C35D-3B72-4534-ABB4-C5B67227DCD5}.Release|ARM.Deploy.0 = Release|ARM
		{2773C35D-3B72-4534-ABB4-C5B67227DCD5}.Release|iPhone.ActiveCfg = Release|Any CPU
		{2773C35D-3B72-4534-ABB4-C5B67227DCD5}.Release|iPhone.Build.0 = Release|Any CPU
		{2773C35D-3B72-4534-ABB4-C5B67227DCD5}.Release|iPhone.Deploy.0 = Release|Any CPU
		{2773C35D-3B72-4534-ABB4-C5B67227DCD5}.Release|iPhoneSimulator.ActiveCfg = Release|Any CPU
		{2773C35D-3B72-4534-ABB4-C5B67227DCD5}.Release|iPhoneSimulator.Build.0 = Release|Any CPU
		{2773C35D-3B72-4534-ABB4-C5B67227DCD5}.Release|iPhoneSimulator.Deploy.0 = Release|Any CPU
		{2773C35D-3B72-4534-ABB4-C5B67227DCD5}.Release|x64.ActiveCfg = Release|x64
		{2773C35D-3B72-4534-ABB4-C5B67227DCD5}.Release|x64.Build.0 = Release|x64
		{2773C35D-3B72-4534-ABB4-C5B67227DCD5}.Release|x64.Deploy.0 = Release|x64
		{2773C35D-3B72-4534-ABB4-C5B67227DCD5}.Release|x86.ActiveCfg = Release|x86
		{2773C35D-3B72-4534-ABB4-C5B67227DCD5}.Release|x86.Build.0 = Release|x86
		{2773C35D-3B72-4534-ABB4-C5B67227DCD5}.Release|x86.Deploy.0 = Release|x86
		{3694E0AA-390D-4B49-B622-A57646AD63A0}.Ad-Hoc|Any CPU.ActiveCfg = Release|Any CPU
		{3694E0AA-390D-4B49-B622-A57646AD63A0}.Ad-Hoc|Any CPU.Build.0 = Release|Any CPU
		{3694E0AA-390D-4B49-B622-A57646AD63A0}.Ad-Hoc|ARM.ActiveCfg = Release|Any CPU
		{3694E0AA-390D-4B49-B622-A57646AD63A0}.Ad-Hoc|ARM.Build.0 = Release|Any CPU
		{3694E0AA-390D-4B49-B622-A57646AD63A0}.Ad-Hoc|iPhone.ActiveCfg = Release|Any CPU
		{3694E0AA-390D-4B49-B622-A57646AD63A0}.Ad-Hoc|iPhone.Build.0 = Release|Any CPU
		{3694E0AA-390D-4B49-B622-A57646AD63A0}.Ad-Hoc|iPhoneSimulator.ActiveCfg = Release|Any CPU
		{3694E0AA-390D-4B49-B622-A57646AD63A0}.Ad-Hoc|iPhoneSimulator.Build.0 = Release|Any CPU
		{3694E0AA-390D-4B49-B622-A57646AD63A0}.Ad-Hoc|x64.ActiveCfg = Release|Any CPU
		{3694E0AA-390D-4B49-B622-A57646AD63A0}.Ad-Hoc|x64.Build.0 = Release|Any CPU
		{3694E0AA-390D-4B49-B622-A57646AD63A0}.Ad-Hoc|x86.ActiveCfg = Release|Any CPU
		{3694E0AA-390D-4B49-B622-A57646AD63A0}.Ad-Hoc|x86.Build.0 = Release|Any CPU
		{3694E0AA-390D-4B49-B622-A57646AD63A0}.AppStore|Any CPU.ActiveCfg = Release|Any CPU
		{3694E0AA-390D-4B49-B622-A57646AD63A0}.AppStore|Any CPU.Build.0 = Release|Any CPU
		{3694E0AA-390D-4B49-B622-A57646AD63A0}.AppStore|ARM.ActiveCfg = Release|Any CPU
		{3694E0AA-390D-4B49-B622-A57646AD63A0}.AppStore|ARM.Build.0 = Release|Any CPU
		{3694E0AA-390D-4B49-B622-A57646AD63A0}.AppStore|iPhone.ActiveCfg = Release|Any CPU
		{3694E0AA-390D-4B49-B622-A57646AD63A0}.AppStore|iPhone.Build.0 = Release|Any CPU
		{3694E0AA-390D-4B49-B622-A57646AD63A0}.AppStore|iPhoneSimulator.ActiveCfg = Release|Any CPU
		{3694E0AA-390D-4B49-B622-A57646AD63A0}.AppStore|iPhoneSimulator.Build.0 = Release|Any CPU
		{3694E0AA-390D-4B49-B622-A57646AD63A0}.AppStore|x64.ActiveCfg = Release|Any CPU
		{3694E0AA-390D-4B49-B622-A57646AD63A0}.AppStore|x64.Build.0 = Release|Any CPU
		{3694E0AA-390D-4B49-B622-A57646AD63A0}.AppStore|x86.ActiveCfg = Release|Any CPU
		{3694E0AA-390D-4B49-B622-A57646AD63A0}.AppStore|x86.Build.0 = Release|Any CPU
		{3694E0AA-390D-4B49-B622-A57646AD63A0}.Debug|Any CPU.ActiveCfg = Debug|Any CPU
		{3694E0AA-390D-4B49-B622-A57646AD63A0}.Debug|Any CPU.Build.0 = Debug|Any CPU
		{3694E0AA-390D-4B49-B622-A57646AD63A0}.Debug|ARM.ActiveCfg = Debug|Any CPU
		{3694E0AA-390D-4B49-B622-A57646AD63A0}.Debug|ARM.Build.0 = Debug|Any CPU
		{3694E0AA-390D-4B49-B622-A57646AD63A0}.Debug|iPhone.ActiveCfg = Debug|Any CPU
		{3694E0AA-390D-4B49-B622-A57646AD63A0}.Debug|iPhone.Build.0 = Debug|Any CPU
		{3694E0AA-390D-4B49-B622-A57646AD63A0}.Debug|iPhoneSimulator.ActiveCfg = Debug|Any CPU
		{3694E0AA-390D-4B49-B622-A57646AD63A0}.Debug|iPhoneSimulator.Build.0 = Debug|Any CPU
		{3694E0AA-390D-4B49-B622-A57646AD63A0}.Debug|x64.ActiveCfg = Debug|Any CPU
		{3694E0AA-390D-4B49-B622-A57646AD63A0}.Debug|x64.Build.0 = Debug|Any CPU
		{3694E0AA-390D-4B49-B622-A57646AD63A0}.Debug|x86.ActiveCfg = Debug|Any CPU
		{3694E0AA-390D-4B49-B622-A57646AD63A0}.Debug|x86.Build.0 = Debug|Any CPU
		{3694E0AA-390D-4B49-B622-A57646AD63A0}.Release|Any CPU.ActiveCfg = Release|Any CPU
		{3694E0AA-390D-4B49-B622-A57646AD63A0}.Release|Any CPU.Build.0 = Release|Any CPU
		{3694E0AA-390D-4B49-B622-A57646AD63A0}.Release|ARM.ActiveCfg = Release|Any CPU
		{3694E0AA-390D-4B49-B622-A57646AD63A0}.Release|ARM.Build.0 = Release|Any CPU
		{3694E0AA-390D-4B49-B622-A57646AD63A0}.Release|iPhone.ActiveCfg = Release|Any CPU
		{3694E0AA-390D-4B49-B622-A57646AD63A0}.Release|iPhone.Build.0 = Release|Any CPU
		{3694E0AA-390D-4B49-B622-A57646AD63A0}.Release|iPhoneSimulator.ActiveCfg = Release|Any CPU
		{3694E0AA-390D-4B49-B622-A57646AD63A0}.Release|iPhoneSimulator.Build.0 = Release|Any CPU
		{3694E0AA-390D-4B49-B622-A57646AD63A0}.Release|x64.ActiveCfg = Release|Any CPU
		{3694E0AA-390D-4B49-B622-A57646AD63A0}.Release|x64.Build.0 = Release|Any CPU
		{3694E0AA-390D-4B49-B622-A57646AD63A0}.Release|x86.ActiveCfg = Release|Any CPU
		{3694E0AA-390D-4B49-B622-A57646AD63A0}.Release|x86.Build.0 = Release|Any CPU
	EndGlobalSection
	GlobalSection(SolutionProperties) = preSolution
		HideSolutionNode = FALSE
	EndGlobalSection
EndGlobal
